// !$*UTF8*$!
{
	archiveVersion = 1;
	classes = {
	};
	objectVersion = 51;
	objects = {

/* Begin PBXBuildFile section */
		13E835E4B83E2DF9071BDF16 /* Pods_VigiCleanTests.framework in Frameworks */ = {isa = PBXBuildFile; fileRef = FE4200EDA43A0030723CDE46 /* Pods_VigiCleanTests.framework */; };
		94138AAD237D067B00419F2C /* SignUpViewController.swift in Sources */ = {isa = PBXBuildFile; fileRef = 94138AAC237D067B00419F2C /* SignUpViewController.swift */; };
		94138AAF237D069F00419F2C /* SignUpViewPresenter.swift in Sources */ = {isa = PBXBuildFile; fileRef = 94138AAE237D069F00419F2C /* SignUpViewPresenter.swift */; };
		94138AB1237D0EEA00419F2C /* WelcomeViewPresenter.swift in Sources */ = {isa = PBXBuildFile; fileRef = 94138AB0237D0EEA00419F2C /* WelcomeViewPresenter.swift */; };
		941F7E1B237B084400044A0D /* ProfileViewController.swift in Sources */ = {isa = PBXBuildFile; fileRef = 941F7E1A237B084400044A0D /* ProfileViewController.swift */; };
		94504A4B238219FC0054BE70 /* .swiftlint.yml in Resources */ = {isa = PBXBuildFile; fileRef = 94504A4A238219FC0054BE70 /* .swiftlint.yml */; };
		94504A602382CADE0054BE70 /* ProfileViewPresenter.swift in Sources */ = {isa = PBXBuildFile; fileRef = 94504A5F2382CADE0054BE70 /* ProfileViewPresenter.swift */; };
		94504A622382CD940054BE70 /* UserAccountTestCase.swift in Sources */ = {isa = PBXBuildFile; fileRef = 94504A612382CD940054BE70 /* UserAccountTestCase.swift */; };
		94504AA5238583C90054BE70 /* SignInContracts.swift in Sources */ = {isa = PBXBuildFile; fileRef = 94504AA4238583C90054BE70 /* SignInContracts.swift */; };
		94504AA823858CCF0054BE70 /* LaunchViewController.swift in Sources */ = {isa = PBXBuildFile; fileRef = 94504AA723858CCF0054BE70 /* LaunchViewController.swift */; };
		9462DCC1237B5D81003AEFB9 /* SignInViewController.swift in Sources */ = {isa = PBXBuildFile; fileRef = 9462DCC0237B5D81003AEFB9 /* SignInViewController.swift */; };
		947FFAEF237213C800F01487 /* ScoreView.swift in Sources */ = {isa = PBXBuildFile; fileRef = 947FFAEE237213C800F01487 /* ScoreView.swift */; };
		9488AA9B2371AA8100DCD76F /* Hamish.otf in Resources */ = {isa = PBXBuildFile; fileRef = 9488AA9A2371AA8100DCD76F /* Hamish.otf */; };
		94BA1EE6238C213E00FE19A1 /* AttachEmailViewController.swift in Sources */ = {isa = PBXBuildFile; fileRef = 94BA1EE5238C213E00FE19A1 /* AttachEmailViewController.swift */; };
		94BA1EE8238C223500FE19A1 /* AttachEmailViewPresenter.swift in Sources */ = {isa = PBXBuildFile; fileRef = 94BA1EE7238C223500FE19A1 /* AttachEmailViewPresenter.swift */; };
		94BA1EEA238DA11C00FE19A1 /* RequestViewController.swift in Sources */ = {isa = PBXBuildFile; fileRef = 94BA1EE9238DA11C00FE19A1 /* RequestViewController.swift */; };
		94BA1EEC238E696800FE19A1 /* SignUpContracts.swift in Sources */ = {isa = PBXBuildFile; fileRef = 94BA1EEB238E696800FE19A1 /* SignUpContracts.swift */; };
		94BA1EEE238E6A3900FE19A1 /* AttachEmailContracts.swift in Sources */ = {isa = PBXBuildFile; fileRef = 94BA1EED238E6A3900FE19A1 /* AttachEmailContracts.swift */; };
		94BA1EF0238E6A6B00FE19A1 /* ProfileContracts.swift in Sources */ = {isa = PBXBuildFile; fileRef = 94BA1EEF238E6A6B00FE19A1 /* ProfileContracts.swift */; };
		94BA1EF2238E6AAA00FE19A1 /* WelcomeContracts.swift in Sources */ = {isa = PBXBuildFile; fileRef = 94BA1EF1238E6AAA00FE19A1 /* WelcomeContracts.swift */; };
		94BA1EF42390060800FE19A1 /* FakeAuth.swift in Sources */ = {isa = PBXBuildFile; fileRef = 94BA1EF32390060800FE19A1 /* FakeAuth.swift */; };
		94BA1EF723900EF000FE19A1 /* FakeUser.swift in Sources */ = {isa = PBXBuildFile; fileRef = 94BA1EF623900EF000FE19A1 /* FakeUser.swift */; };
		94BA1EF923901E9200FE19A1 /* FakeServer.swift in Sources */ = {isa = PBXBuildFile; fileRef = 94BA1EF823901E9200FE19A1 /* FakeServer.swift */; };
		94BA1EFB2390267B00FE19A1 /* FakeAuthDataResult.swift in Sources */ = {isa = PBXBuildFile; fileRef = 94BA1EFA2390267B00FE19A1 /* FakeAuthDataResult.swift */; };
		94BA1F022390349900FE19A1 /* FakeFirestore.swift in Sources */ = {isa = PBXBuildFile; fileRef = 94BA1F012390349900FE19A1 /* FakeFirestore.swift */; };
		94BA1F042390350100FE19A1 /* FakeCollectionReference.swift in Sources */ = {isa = PBXBuildFile; fileRef = 94BA1F032390350100FE19A1 /* FakeCollectionReference.swift */; };
		94BA1F062390363700FE19A1 /* FakeDocumentReference.swift in Sources */ = {isa = PBXBuildFile; fileRef = 94BA1F052390363700FE19A1 /* FakeDocumentReference.swift */; };
		94BA1F082395509600FE19A1 /* ScannerViewPresenter.swift in Sources */ = {isa = PBXBuildFile; fileRef = 94BA1F072395509600FE19A1 /* ScannerViewPresenter.swift */; };
		94BA1F0A239550EB00FE19A1 /* ScannerContracts.swift in Sources */ = {isa = PBXBuildFile; fileRef = 94BA1F09239550EB00FE19A1 /* ScannerContracts.swift */; };
		94BA1F0C239551C900FE19A1 /* Contracts.swift in Sources */ = {isa = PBXBuildFile; fileRef = 94BA1F0B239551C900FE19A1 /* Contracts.swift */; };
		94BA1F132395A4F400FE19A1 /* RequestContracts.swift in Sources */ = {isa = PBXBuildFile; fileRef = 94BA1F122395A4F400FE19A1 /* RequestContracts.swift */; };
		94BA1F152395A53000FE19A1 /* RequestViewPresenter.swift in Sources */ = {isa = PBXBuildFile; fileRef = 94BA1F142395A53000FE19A1 /* RequestViewPresenter.swift */; };
		94BE5AA22370A81100CE3060 /* Podfile in Resources */ = {isa = PBXBuildFile; fileRef = 94BE5AA12370A81100CE3060 /* Podfile */; };
		94BE5AA42370A9FE00CE3060 /* GoogleService-Info.plist in Resources */ = {isa = PBXBuildFile; fileRef = 94BE5AA32370A9FE00CE3060 /* GoogleService-Info.plist */; };
		94BE5AA92370ACA900CE3060 /* .gitignore in Resources */ = {isa = PBXBuildFile; fileRef = 94BE5AA82370ACA900CE3060 /* .gitignore */; };
		94C539C82385BE9600D4993A /* Scanner.swift in Sources */ = {isa = PBXBuildFile; fileRef = 94C539C72385BE9600D4993A /* Scanner.swift */; };
		94CDC9AC237C35FC003295AD /* SignInViewPresenter.swift in Sources */ = {isa = PBXBuildFile; fileRef = 94CDC9AB237C35FC003295AD /* SignInViewPresenter.swift */; };
		94CDC9AE237C3AF2003295AD /* UserAccount.swift in Sources */ = {isa = PBXBuildFile; fileRef = 94CDC9AD237C3AF2003295AD /* UserAccount.swift */; };
		94CDC9B0237C48F9003295AD /* WelcomeViewController.swift in Sources */ = {isa = PBXBuildFile; fileRef = 94CDC9AF237C48F9003295AD /* WelcomeViewController.swift */; };
		94CDC9B2237C617A003295AD /* UIViewController+Extension.swift in Sources */ = {isa = PBXBuildFile; fileRef = 94CDC9B1237C617A003295AD /* UIViewController+Extension.swift */; };
		94EB57752372D8B800582990 /* DashBoardViewController.swift in Sources */ = {isa = PBXBuildFile; fileRef = 94EB57742372D8B800582990 /* DashBoardViewController.swift */; };
		94EB57772372DB1E00582990 /* ScannerViewController.swift in Sources */ = {isa = PBXBuildFile; fileRef = 94EB57762372DB1E00582990 /* ScannerViewController.swift */; };
		94F0A0282370A1CA00037210 /* AppDelegate.swift in Sources */ = {isa = PBXBuildFile; fileRef = 94F0A0272370A1CA00037210 /* AppDelegate.swift */; };
		94F0A02F2370A1CA00037210 /* Main.storyboard in Resources */ = {isa = PBXBuildFile; fileRef = 94F0A02D2370A1CA00037210 /* Main.storyboard */; };
		94F0A0312370A1CB00037210 /* Assets.xcassets in Resources */ = {isa = PBXBuildFile; fileRef = 94F0A0302370A1CB00037210 /* Assets.xcassets */; };
		94F0A0342370A1CB00037210 /* LaunchScreen.storyboard in Resources */ = {isa = PBXBuildFile; fileRef = 94F0A0322370A1CB00037210 /* LaunchScreen.storyboard */; };
		94F0A04A2370A1CC00037210 /* VigiCleanUITests.swift in Sources */ = {isa = PBXBuildFile; fileRef = 94F0A0492370A1CC00037210 /* VigiCleanUITests.swift */; };
		ADFF9F63D49B040574129BAD /* Pods_VigiClean_VigiCleanUITests.framework in Frameworks */ = {isa = PBXBuildFile; fileRef = 30DD46DA58F2287BEA49BAA8 /* Pods_VigiClean_VigiCleanUITests.framework */; };
		B1CCD79A18776965BE27E1E1 /* Pods_VigiClean.framework in Frameworks */ = {isa = PBXBuildFile; fileRef = 7E107DF481DDA4A29EECFAF9 /* Pods_VigiClean.framework */; };
/* End PBXBuildFile section */

/* Begin PBXContainerItemProxy section */
		94F0A03B2370A1CC00037210 /* PBXContainerItemProxy */ = {
			isa = PBXContainerItemProxy;
			containerPortal = 94F0A01C2370A1CA00037210 /* Project object */;
			proxyType = 1;
			remoteGlobalIDString = 94F0A0232370A1CA00037210;
			remoteInfo = VigiClean;
		};
		94F0A0462370A1CC00037210 /* PBXContainerItemProxy */ = {
			isa = PBXContainerItemProxy;
			containerPortal = 94F0A01C2370A1CA00037210 /* Project object */;
			proxyType = 1;
			remoteGlobalIDString = 94F0A0232370A1CA00037210;
			remoteInfo = VigiClean;
		};
/* End PBXContainerItemProxy section */

/* Begin PBXFileReference section */
		11C5207089B10A00008D9ECF /* Pods-VigiClean.debug.xcconfig */ = {isa = PBXFileReference; includeInIndex = 1; lastKnownFileType = text.xcconfig; name = "Pods-VigiClean.debug.xcconfig"; path = "Target Support Files/Pods-VigiClean/Pods-VigiClean.debug.xcconfig"; sourceTree = "<group>"; };
		30DD46DA58F2287BEA49BAA8 /* Pods_VigiClean_VigiCleanUITests.framework */ = {isa = PBXFileReference; explicitFileType = wrapper.framework; includeInIndex = 0; path = Pods_VigiClean_VigiCleanUITests.framework; sourceTree = BUILT_PRODUCTS_DIR; };
		3B8FEA6902FA6BEDBF22ABA5 /* Pods-VigiClean.release.xcconfig */ = {isa = PBXFileReference; includeInIndex = 1; lastKnownFileType = text.xcconfig; name = "Pods-VigiClean.release.xcconfig"; path = "Target Support Files/Pods-VigiClean/Pods-VigiClean.release.xcconfig"; sourceTree = "<group>"; };
		7E107DF481DDA4A29EECFAF9 /* Pods_VigiClean.framework */ = {isa = PBXFileReference; explicitFileType = wrapper.framework; includeInIndex = 0; path = Pods_VigiClean.framework; sourceTree = BUILT_PRODUCTS_DIR; };
		849CECC00E6B415F3F5660F8 /* Pods-VigiCleanTests.release.xcconfig */ = {isa = PBXFileReference; includeInIndex = 1; lastKnownFileType = text.xcconfig; name = "Pods-VigiCleanTests.release.xcconfig"; path = "Target Support Files/Pods-VigiCleanTests/Pods-VigiCleanTests.release.xcconfig"; sourceTree = "<group>"; };
		94138AAC237D067B00419F2C /* SignUpViewController.swift */ = {isa = PBXFileReference; lastKnownFileType = sourcecode.swift; path = SignUpViewController.swift; sourceTree = "<group>"; };
		94138AAE237D069F00419F2C /* SignUpViewPresenter.swift */ = {isa = PBXFileReference; lastKnownFileType = sourcecode.swift; path = SignUpViewPresenter.swift; sourceTree = "<group>"; };
		94138AB0237D0EEA00419F2C /* WelcomeViewPresenter.swift */ = {isa = PBXFileReference; lastKnownFileType = sourcecode.swift; path = WelcomeViewPresenter.swift; sourceTree = "<group>"; };
		941F7E1A237B084400044A0D /* ProfileViewController.swift */ = {isa = PBXFileReference; lastKnownFileType = sourcecode.swift; path = ProfileViewController.swift; sourceTree = SOURCE_ROOT; };
		94504A4A238219FC0054BE70 /* .swiftlint.yml */ = {isa = PBXFileReference; lastKnownFileType = text.yaml; path = .swiftlint.yml; sourceTree = "<group>"; };
		94504A5F2382CADE0054BE70 /* ProfileViewPresenter.swift */ = {isa = PBXFileReference; lastKnownFileType = sourcecode.swift; path = ProfileViewPresenter.swift; sourceTree = "<group>"; };
		94504A612382CD940054BE70 /* UserAccountTestCase.swift */ = {isa = PBXFileReference; lastKnownFileType = sourcecode.swift; name = UserAccountTestCase.swift; path = VigiClean/UserAccountTestCase.swift; sourceTree = SOURCE_ROOT; };
		94504AA4238583C90054BE70 /* SignInContracts.swift */ = {isa = PBXFileReference; lastKnownFileType = sourcecode.swift; path = SignInContracts.swift; sourceTree = "<group>"; };
		94504AA723858CCF0054BE70 /* LaunchViewController.swift */ = {isa = PBXFileReference; lastKnownFileType = sourcecode.swift; path = LaunchViewController.swift; sourceTree = "<group>"; };
		9462DCC0237B5D81003AEFB9 /* SignInViewController.swift */ = {isa = PBXFileReference; lastKnownFileType = sourcecode.swift; path = SignInViewController.swift; sourceTree = "<group>"; };
		947FFAEE237213C800F01487 /* ScoreView.swift */ = {isa = PBXFileReference; lastKnownFileType = sourcecode.swift; path = ScoreView.swift; sourceTree = "<group>"; };
		9488AA9A2371AA8100DCD76F /* Hamish.otf */ = {isa = PBXFileReference; lastKnownFileType = file; path = Hamish.otf; sourceTree = "<group>"; };
		94BA1EE5238C213E00FE19A1 /* AttachEmailViewController.swift */ = {isa = PBXFileReference; lastKnownFileType = sourcecode.swift; path = AttachEmailViewController.swift; sourceTree = SOURCE_ROOT; };
		94BA1EE7238C223500FE19A1 /* AttachEmailViewPresenter.swift */ = {isa = PBXFileReference; lastKnownFileType = sourcecode.swift; path = AttachEmailViewPresenter.swift; sourceTree = "<group>"; };
		94BA1EE9238DA11C00FE19A1 /* RequestViewController.swift */ = {isa = PBXFileReference; lastKnownFileType = sourcecode.swift; path = RequestViewController.swift; sourceTree = "<group>"; };
		94BA1EEB238E696800FE19A1 /* SignUpContracts.swift */ = {isa = PBXFileReference; lastKnownFileType = sourcecode.swift; path = SignUpContracts.swift; sourceTree = "<group>"; };
		94BA1EED238E6A3900FE19A1 /* AttachEmailContracts.swift */ = {isa = PBXFileReference; lastKnownFileType = sourcecode.swift; path = AttachEmailContracts.swift; sourceTree = "<group>"; };
		94BA1EEF238E6A6B00FE19A1 /* ProfileContracts.swift */ = {isa = PBXFileReference; lastKnownFileType = sourcecode.swift; path = ProfileContracts.swift; sourceTree = "<group>"; };
		94BA1EF1238E6AAA00FE19A1 /* WelcomeContracts.swift */ = {isa = PBXFileReference; lastKnownFileType = sourcecode.swift; path = WelcomeContracts.swift; sourceTree = "<group>"; };
		94BA1EF32390060800FE19A1 /* FakeAuth.swift */ = {isa = PBXFileReference; lastKnownFileType = sourcecode.swift; name = FakeAuth.swift; path = VigiClean/FakeAuth.swift; sourceTree = SOURCE_ROOT; };
		94BA1EF623900EF000FE19A1 /* FakeUser.swift */ = {isa = PBXFileReference; lastKnownFileType = sourcecode.swift; path = FakeUser.swift; sourceTree = "<group>"; };
		94BA1EF823901E9200FE19A1 /* FakeServer.swift */ = {isa = PBXFileReference; lastKnownFileType = sourcecode.swift; path = FakeServer.swift; sourceTree = "<group>"; };
		94BA1EFA2390267B00FE19A1 /* FakeAuthDataResult.swift */ = {isa = PBXFileReference; lastKnownFileType = sourcecode.swift; path = FakeAuthDataResult.swift; sourceTree = "<group>"; };
		94BA1F012390349900FE19A1 /* FakeFirestore.swift */ = {isa = PBXFileReference; lastKnownFileType = sourcecode.swift; path = FakeFirestore.swift; sourceTree = SOURCE_ROOT; };
		94BA1F032390350100FE19A1 /* FakeCollectionReference.swift */ = {isa = PBXFileReference; lastKnownFileType = sourcecode.swift; path = FakeCollectionReference.swift; sourceTree = SOURCE_ROOT; };
		94BA1F052390363700FE19A1 /* FakeDocumentReference.swift */ = {isa = PBXFileReference; lastKnownFileType = sourcecode.swift; path = FakeDocumentReference.swift; sourceTree = "<group>"; };
		94BA1F072395509600FE19A1 /* ScannerViewPresenter.swift */ = {isa = PBXFileReference; lastKnownFileType = sourcecode.swift; path = ScannerViewPresenter.swift; sourceTree = "<group>"; };
		94BA1F09239550EB00FE19A1 /* ScannerContracts.swift */ = {isa = PBXFileReference; lastKnownFileType = sourcecode.swift; path = ScannerContracts.swift; sourceTree = "<group>"; };
		94BA1F0B239551C900FE19A1 /* Contracts.swift */ = {isa = PBXFileReference; lastKnownFileType = sourcecode.swift; path = Contracts.swift; sourceTree = "<group>"; };
		94BA1F122395A4F400FE19A1 /* RequestContracts.swift */ = {isa = PBXFileReference; lastKnownFileType = sourcecode.swift; path = RequestContracts.swift; sourceTree = "<group>"; };
		94BA1F142395A53000FE19A1 /* RequestViewPresenter.swift */ = {isa = PBXFileReference; lastKnownFileType = sourcecode.swift; path = RequestViewPresenter.swift; sourceTree = "<group>"; };
		94BE5AA12370A81100CE3060 /* Podfile */ = {isa = PBXFileReference; lastKnownFileType = text; path = Podfile; sourceTree = "<group>"; xcLanguageSpecificationIdentifier = xcode.lang.ruby; };
		94BE5AA32370A9FE00CE3060 /* GoogleService-Info.plist */ = {isa = PBXFileReference; fileEncoding = 4; lastKnownFileType = text.plist.xml; path = "GoogleService-Info.plist"; sourceTree = "<group>"; };
		94BE5AA82370ACA900CE3060 /* .gitignore */ = {isa = PBXFileReference; lastKnownFileType = text; path = .gitignore; sourceTree = "<group>"; };
		94C539C72385BE9600D4993A /* Scanner.swift */ = {isa = PBXFileReference; lastKnownFileType = sourcecode.swift; path = Scanner.swift; sourceTree = "<group>"; };
		94CDC9AB237C35FC003295AD /* SignInViewPresenter.swift */ = {isa = PBXFileReference; lastKnownFileType = sourcecode.swift; path = SignInViewPresenter.swift; sourceTree = "<group>"; };
		94CDC9AD237C3AF2003295AD /* UserAccount.swift */ = {isa = PBXFileReference; lastKnownFileType = sourcecode.swift; path = UserAccount.swift; sourceTree = "<group>"; };
		94CDC9AF237C48F9003295AD /* WelcomeViewController.swift */ = {isa = PBXFileReference; lastKnownFileType = sourcecode.swift; path = WelcomeViewController.swift; sourceTree = "<group>"; };
		94CDC9B1237C617A003295AD /* UIViewController+Extension.swift */ = {isa = PBXFileReference; lastKnownFileType = sourcecode.swift; path = "UIViewController+Extension.swift"; sourceTree = "<group>"; };
		94EB57742372D8B800582990 /* DashBoardViewController.swift */ = {isa = PBXFileReference; lastKnownFileType = sourcecode.swift; path = DashBoardViewController.swift; sourceTree = "<group>"; };
		94EB57762372DB1E00582990 /* ScannerViewController.swift */ = {isa = PBXFileReference; lastKnownFileType = sourcecode.swift; path = ScannerViewController.swift; sourceTree = "<group>"; };
		94F0A0242370A1CA00037210 /* VigiClean.app */ = {isa = PBXFileReference; explicitFileType = wrapper.application; includeInIndex = 0; path = VigiClean.app; sourceTree = BUILT_PRODUCTS_DIR; };
		94F0A0272370A1CA00037210 /* AppDelegate.swift */ = {isa = PBXFileReference; lastKnownFileType = sourcecode.swift; path = AppDelegate.swift; sourceTree = "<group>"; };
		94F0A02E2370A1CA00037210 /* Base */ = {isa = PBXFileReference; lastKnownFileType = file.storyboard; name = Base; path = Base.lproj/Main.storyboard; sourceTree = "<group>"; };
		94F0A0302370A1CB00037210 /* Assets.xcassets */ = {isa = PBXFileReference; lastKnownFileType = folder.assetcatalog; path = Assets.xcassets; sourceTree = "<group>"; };
		94F0A0332370A1CB00037210 /* Base */ = {isa = PBXFileReference; lastKnownFileType = file.storyboard; name = Base; path = Base.lproj/LaunchScreen.storyboard; sourceTree = "<group>"; };
		94F0A0352370A1CB00037210 /* Info.plist */ = {isa = PBXFileReference; lastKnownFileType = text.plist.xml; path = Info.plist; sourceTree = "<group>"; };
		94F0A03A2370A1CC00037210 /* VigiCleanTests.xctest */ = {isa = PBXFileReference; explicitFileType = wrapper.cfbundle; includeInIndex = 0; path = VigiCleanTests.xctest; sourceTree = BUILT_PRODUCTS_DIR; };
		94F0A0402370A1CC00037210 /* Info.plist */ = {isa = PBXFileReference; lastKnownFileType = text.plist.xml; path = Info.plist; sourceTree = "<group>"; };
		94F0A0452370A1CC00037210 /* VigiCleanUITests.xctest */ = {isa = PBXFileReference; explicitFileType = wrapper.cfbundle; includeInIndex = 0; path = VigiCleanUITests.xctest; sourceTree = BUILT_PRODUCTS_DIR; };
		94F0A0492370A1CC00037210 /* VigiCleanUITests.swift */ = {isa = PBXFileReference; lastKnownFileType = sourcecode.swift; path = VigiCleanUITests.swift; sourceTree = "<group>"; };
		94F0A04B2370A1CC00037210 /* Info.plist */ = {isa = PBXFileReference; lastKnownFileType = text.plist.xml; path = Info.plist; sourceTree = "<group>"; };
		AB9F459A37ABB10FE183AFA6 /* Pods-VigiClean-VigiCleanUITests.release.xcconfig */ = {isa = PBXFileReference; includeInIndex = 1; lastKnownFileType = text.xcconfig; name = "Pods-VigiClean-VigiCleanUITests.release.xcconfig"; path = "Target Support Files/Pods-VigiClean-VigiCleanUITests/Pods-VigiClean-VigiCleanUITests.release.xcconfig"; sourceTree = "<group>"; };
		CFA8A988CB517D586C2E48AD /* Pods-VigiCleanTests.debug.xcconfig */ = {isa = PBXFileReference; includeInIndex = 1; lastKnownFileType = text.xcconfig; name = "Pods-VigiCleanTests.debug.xcconfig"; path = "Target Support Files/Pods-VigiCleanTests/Pods-VigiCleanTests.debug.xcconfig"; sourceTree = "<group>"; };
		F6BA5311AD8F45CF4137BD81 /* Pods-VigiClean-VigiCleanUITests.debug.xcconfig */ = {isa = PBXFileReference; includeInIndex = 1; lastKnownFileType = text.xcconfig; name = "Pods-VigiClean-VigiCleanUITests.debug.xcconfig"; path = "Target Support Files/Pods-VigiClean-VigiCleanUITests/Pods-VigiClean-VigiCleanUITests.debug.xcconfig"; sourceTree = "<group>"; };
		FE4200EDA43A0030723CDE46 /* Pods_VigiCleanTests.framework */ = {isa = PBXFileReference; explicitFileType = wrapper.framework; includeInIndex = 0; path = Pods_VigiCleanTests.framework; sourceTree = BUILT_PRODUCTS_DIR; };
/* End PBXFileReference section */

/* Begin PBXFrameworksBuildPhase section */
		94F0A0212370A1CA00037210 /* Frameworks */ = {
			isa = PBXFrameworksBuildPhase;
			buildActionMask = 2147483647;
			files = (
				B1CCD79A18776965BE27E1E1 /* Pods_VigiClean.framework in Frameworks */,
			);
			runOnlyForDeploymentPostprocessing = 0;
		};
		94F0A0372370A1CC00037210 /* Frameworks */ = {
			isa = PBXFrameworksBuildPhase;
			buildActionMask = 2147483647;
			files = (
				13E835E4B83E2DF9071BDF16 /* Pods_VigiCleanTests.framework in Frameworks */,
			);
			runOnlyForDeploymentPostprocessing = 0;
		};
		94F0A0422370A1CC00037210 /* Frameworks */ = {
			isa = PBXFrameworksBuildPhase;
			buildActionMask = 2147483647;
			files = (
				ADFF9F63D49B040574129BAD /* Pods_VigiClean_VigiCleanUITests.framework in Frameworks */,
			);
			runOnlyForDeploymentPostprocessing = 0;
		};
/* End PBXFrameworksBuildPhase section */

/* Begin PBXGroup section */
		4D002501E48799779E32FE97 /* Pods */ = {
			isa = PBXGroup;
			children = (
				11C5207089B10A00008D9ECF /* Pods-VigiClean.debug.xcconfig */,
				3B8FEA6902FA6BEDBF22ABA5 /* Pods-VigiClean.release.xcconfig */,
				F6BA5311AD8F45CF4137BD81 /* Pods-VigiClean-VigiCleanUITests.debug.xcconfig */,
				AB9F459A37ABB10FE183AFA6 /* Pods-VigiClean-VigiCleanUITests.release.xcconfig */,
				CFA8A988CB517D586C2E48AD /* Pods-VigiCleanTests.debug.xcconfig */,
				849CECC00E6B415F3F5660F8 /* Pods-VigiCleanTests.release.xcconfig */,
			);
			path = Pods;
			sourceTree = "<group>";
		};
		941F7E17237B080200044A0D /* Controller */ = {
			isa = PBXGroup;
			children = (
				94504AA723858CCF0054BE70 /* LaunchViewController.swift */,
				94CDC9AF237C48F9003295AD /* WelcomeViewController.swift */,
				9462DCC0237B5D81003AEFB9 /* SignInViewController.swift */,
				94138AAC237D067B00419F2C /* SignUpViewController.swift */,
				941F7E1A237B084400044A0D /* ProfileViewController.swift */,
				94EB57742372D8B800582990 /* DashBoardViewController.swift */,
				94BA1EE5238C213E00FE19A1 /* AttachEmailViewController.swift */,
				94EB57762372DB1E00582990 /* ScannerViewController.swift */,
				94BA1EE9238DA11C00FE19A1 /* RequestViewController.swift */,
				94CDC9B1237C617A003295AD /* UIViewController+Extension.swift */,
			);
			name = Controller;
			sourceTree = "<group>";
		};
		94504A652382D1740054BE70 /* Mock */ = {
			isa = PBXGroup;
			children = (
				94BA1EFE23902EF500FE19A1 /* Firestore */,
				94BA1EF523900ED700FE19A1 /* Auth */,
			);
			name = Mock;
			sourceTree = "<group>";
		};
		94504AA6238583D00054BE70 /* Contracts */ = {
			isa = PBXGroup;
			children = (
				94BA1EED238E6A3900FE19A1 /* AttachEmailContracts.swift */,
				94BA1EEB238E696800FE19A1 /* SignUpContracts.swift */,
				94504AA4238583C90054BE70 /* SignInContracts.swift */,
				94BA1EEF238E6A6B00FE19A1 /* ProfileContracts.swift */,
				94BA1EF1238E6AAA00FE19A1 /* WelcomeContracts.swift */,
				94BA1F09239550EB00FE19A1 /* ScannerContracts.swift */,
				94BA1F122395A4F400FE19A1 /* RequestContracts.swift */,
			);
			name = Contracts;
			sourceTree = "<group>";
		};
		94BA1EF523900ED700FE19A1 /* Auth */ = {
			isa = PBXGroup;
			children = (
				94BA1EF32390060800FE19A1 /* FakeAuth.swift */,
				94BA1EF623900EF000FE19A1 /* FakeUser.swift */,
				94BA1EFA2390267B00FE19A1 /* FakeAuthDataResult.swift */,
				94BA1EF823901E9200FE19A1 /* FakeServer.swift */,
			);
			name = Auth;
			sourceTree = "<group>";
		};
		94BA1EFE23902EF500FE19A1 /* Firestore */ = {
			isa = PBXGroup;
			children = (
				94BA1F012390349900FE19A1 /* FakeFirestore.swift */,
				94BA1F032390350100FE19A1 /* FakeCollectionReference.swift */,
				94BA1F052390363700FE19A1 /* FakeDocumentReference.swift */,
			);
			name = Firestore;
			sourceTree = "<group>";
		};
		94BA1F0D239551CE00FE19A1 /* Exemples */ = {
			isa = PBXGroup;
			children = (
				94BA1F0B239551C900FE19A1 /* Contracts.swift */,
			);
			name = Exemples;
			sourceTree = "<group>";
		};
		94BE5A9C2370A69700CE3060 /* Model */ = {
			isa = PBXGroup;
			children = (
				94C539C72385BE9600D4993A /* Scanner.swift */,
				94CDC9AD237C3AF2003295AD /* UserAccount.swift */,
			);
			name = Model;
			sourceTree = "<group>";
		};
		94BE5A9E2370A6A600CE3060 /* View */ = {
			isa = PBXGroup;
			children = (
				941F7E17237B080200044A0D /* Controller */,
				94F0A02D2370A1CA00037210 /* Main.storyboard */,
				947FFAEE237213C800F01487 /* ScoreView.swift */,
			);
			name = View;
			sourceTree = "<group>";
		};
		94BE5A9F2370A6AB00CE3060 /* Presenter */ = {
			isa = PBXGroup;
			children = (
				94BA1EE7238C223500FE19A1 /* AttachEmailViewPresenter.swift */,
				94504A5F2382CADE0054BE70 /* ProfileViewPresenter.swift */,
				94CDC9AB237C35FC003295AD /* SignInViewPresenter.swift */,
				94138AAE237D069F00419F2C /* SignUpViewPresenter.swift */,
				94138AB0237D0EEA00419F2C /* WelcomeViewPresenter.swift */,
				94BA1F072395509600FE19A1 /* ScannerViewPresenter.swift */,
				94BA1F142395A53000FE19A1 /* RequestViewPresenter.swift */,
			);
			name = Presenter;
			sourceTree = "<group>";
		};
		94BE5AA02370A6C000CE3060 /* Supporting Files */ = {
			isa = PBXGroup;
			children = (
				94BE5AA32370A9FE00CE3060 /* GoogleService-Info.plist */,
				94F0A0302370A1CB00037210 /* Assets.xcassets */,
				94F0A0272370A1CA00037210 /* AppDelegate.swift */,
				94F0A0322370A1CB00037210 /* LaunchScreen.storyboard */,
				9488AA9A2371AA8100DCD76F /* Hamish.otf */,
				94F0A0352370A1CB00037210 /* Info.plist */,
			);
			name = "Supporting Files";
			sourceTree = "<group>";
		};
		94F0A01B2370A1CA00037210 = {
			isa = PBXGroup;
			children = (
				94504A4A238219FC0054BE70 /* .swiftlint.yml */,
				94BE5AA82370ACA900CE3060 /* .gitignore */,
				94BE5AA12370A81100CE3060 /* Podfile */,
				94F0A0262370A1CA00037210 /* VigiClean */,
				94F0A03D2370A1CC00037210 /* VigiCleanTests */,
				94F0A0482370A1CC00037210 /* VigiCleanUITests */,
				94F0A0252370A1CA00037210 /* Products */,
				4D002501E48799779E32FE97 /* Pods */,
				F11B4D88F71D3C0810F6B89A /* Frameworks */,
			);
			sourceTree = "<group>";
		};
		94F0A0252370A1CA00037210 /* Products */ = {
			isa = PBXGroup;
			children = (
				94F0A0242370A1CA00037210 /* VigiClean.app */,
				94F0A03A2370A1CC00037210 /* VigiCleanTests.xctest */,
				94F0A0452370A1CC00037210 /* VigiCleanUITests.xctest */,
			);
			name = Products;
			sourceTree = "<group>";
		};
		94F0A0262370A1CA00037210 /* VigiClean */ = {
			isa = PBXGroup;
			children = (
				94BA1F0D239551CE00FE19A1 /* Exemples */,
				94504AA6238583D00054BE70 /* Contracts */,
				94BE5A9C2370A69700CE3060 /* Model */,
				94BE5A9F2370A6AB00CE3060 /* Presenter */,
				94BE5A9E2370A6A600CE3060 /* View */,
				94BE5AA02370A6C000CE3060 /* Supporting Files */,
			);
			path = VigiClean;
			sourceTree = "<group>";
		};
		94F0A03D2370A1CC00037210 /* VigiCleanTests */ = {
			isa = PBXGroup;
			children = (
				94504A612382CD940054BE70 /* UserAccountTestCase.swift */,
				94504A652382D1740054BE70 /* Mock */,
				94F0A0402370A1CC00037210 /* Info.plist */,
			);
			path = VigiCleanTests;
			sourceTree = "<group>";
		};
		94F0A0482370A1CC00037210 /* VigiCleanUITests */ = {
			isa = PBXGroup;
			children = (
				94F0A0492370A1CC00037210 /* VigiCleanUITests.swift */,
				94F0A04B2370A1CC00037210 /* Info.plist */,
			);
			path = VigiCleanUITests;
			sourceTree = "<group>";
		};
		F11B4D88F71D3C0810F6B89A /* Frameworks */ = {
			isa = PBXGroup;
			children = (
				7E107DF481DDA4A29EECFAF9 /* Pods_VigiClean.framework */,
				30DD46DA58F2287BEA49BAA8 /* Pods_VigiClean_VigiCleanUITests.framework */,
				FE4200EDA43A0030723CDE46 /* Pods_VigiCleanTests.framework */,
			);
			name = Frameworks;
			sourceTree = "<group>";
		};
/* End PBXGroup section */

/* Begin PBXNativeTarget section */
		94F0A0232370A1CA00037210 /* VigiClean */ = {
			isa = PBXNativeTarget;
			buildConfigurationList = 94F0A04E2370A1CC00037210 /* Build configuration list for PBXNativeTarget "VigiClean" */;
			buildPhases = (
				A4A6D389E2146FC3FA9CEF7E /* [CP] Check Pods Manifest.lock */,
				94F0A0202370A1CA00037210 /* Sources */,
				94F0A0212370A1CA00037210 /* Frameworks */,
				94F0A0222370A1CA00037210 /* Resources */,
				94BE5AA52370AB7400CE3060 /* ShellScript */,
				AF62C3C4F1F5AAC055DD8E5B /* [CP] Embed Pods Frameworks */,
			);
			buildRules = (
			);
			dependencies = (
			);
			name = VigiClean;
			productName = VigiClean;
			productReference = 94F0A0242370A1CA00037210 /* VigiClean.app */;
			productType = "com.apple.product-type.application";
		};
		94F0A0392370A1CC00037210 /* VigiCleanTests */ = {
			isa = PBXNativeTarget;
			buildConfigurationList = 94F0A0512370A1CC00037210 /* Build configuration list for PBXNativeTarget "VigiCleanTests" */;
			buildPhases = (
				A373B4BBA02B7324A9FE59B0 /* [CP] Check Pods Manifest.lock */,
				94F0A0362370A1CC00037210 /* Sources */,
				94F0A0372370A1CC00037210 /* Frameworks */,
				94F0A0382370A1CC00037210 /* Resources */,
			);
			buildRules = (
			);
			dependencies = (
				94F0A03C2370A1CC00037210 /* PBXTargetDependency */,
			);
			name = VigiCleanTests;
			productName = VigiCleanTests;
			productReference = 94F0A03A2370A1CC00037210 /* VigiCleanTests.xctest */;
			productType = "com.apple.product-type.bundle.unit-test";
		};
		94F0A0442370A1CC00037210 /* VigiCleanUITests */ = {
			isa = PBXNativeTarget;
			buildConfigurationList = 94F0A0542370A1CC00037210 /* Build configuration list for PBXNativeTarget "VigiCleanUITests" */;
			buildPhases = (
				BCEBCE06F7D71E33460D8AF0 /* [CP] Check Pods Manifest.lock */,
				94F0A0412370A1CC00037210 /* Sources */,
				94F0A0422370A1CC00037210 /* Frameworks */,
				94F0A0432370A1CC00037210 /* Resources */,
				9E227E100D7A89DB3838D30F /* [CP] Embed Pods Frameworks */,
			);
			buildRules = (
			);
			dependencies = (
				94F0A0472370A1CC00037210 /* PBXTargetDependency */,
			);
			name = VigiCleanUITests;
			productName = VigiCleanUITests;
			productReference = 94F0A0452370A1CC00037210 /* VigiCleanUITests.xctest */;
			productType = "com.apple.product-type.bundle.ui-testing";
		};
/* End PBXNativeTarget section */

/* Begin PBXProject section */
		94F0A01C2370A1CA00037210 /* Project object */ = {
			isa = PBXProject;
			attributes = {
				LastSwiftUpdateCheck = 1110;
				LastUpgradeCheck = 1110;
				ORGANIZATIONNAME = "Paul Leclerc";
				TargetAttributes = {
					94F0A0232370A1CA00037210 = {
						CreatedOnToolsVersion = 11.1;
					};
					94F0A0392370A1CC00037210 = {
						CreatedOnToolsVersion = 11.1;
						TestTargetID = 94F0A0232370A1CA00037210;
					};
					94F0A0442370A1CC00037210 = {
						CreatedOnToolsVersion = 11.1;
						TestTargetID = 94F0A0232370A1CA00037210;
					};
				};
			};
			buildConfigurationList = 94F0A01F2370A1CA00037210 /* Build configuration list for PBXProject "VigiClean" */;
			compatibilityVersion = "Xcode 9.3";
			developmentRegion = en;
			hasScannedForEncodings = 0;
			knownRegions = (
				en,
				Base,
			);
			mainGroup = 94F0A01B2370A1CA00037210;
			productRefGroup = 94F0A0252370A1CA00037210 /* Products */;
			projectDirPath = "";
			projectRoot = "";
			targets = (
				94F0A0232370A1CA00037210 /* VigiClean */,
				94F0A0392370A1CC00037210 /* VigiCleanTests */,
				94F0A0442370A1CC00037210 /* VigiCleanUITests */,
			);
		};
/* End PBXProject section */

/* Begin PBXResourcesBuildPhase section */
		94F0A0222370A1CA00037210 /* Resources */ = {
			isa = PBXResourcesBuildPhase;
			buildActionMask = 2147483647;
			files = (
				94504A4B238219FC0054BE70 /* .swiftlint.yml in Resources */,
				94BE5AA92370ACA900CE3060 /* .gitignore in Resources */,
				94F0A0342370A1CB00037210 /* LaunchScreen.storyboard in Resources */,
				9488AA9B2371AA8100DCD76F /* Hamish.otf in Resources */,
				94F0A0312370A1CB00037210 /* Assets.xcassets in Resources */,
				94BE5AA42370A9FE00CE3060 /* GoogleService-Info.plist in Resources */,
				94BE5AA22370A81100CE3060 /* Podfile in Resources */,
				94F0A02F2370A1CA00037210 /* Main.storyboard in Resources */,
			);
			runOnlyForDeploymentPostprocessing = 0;
		};
		94F0A0382370A1CC00037210 /* Resources */ = {
			isa = PBXResourcesBuildPhase;
			buildActionMask = 2147483647;
			files = (
			);
			runOnlyForDeploymentPostprocessing = 0;
		};
		94F0A0432370A1CC00037210 /* Resources */ = {
			isa = PBXResourcesBuildPhase;
			buildActionMask = 2147483647;
			files = (
			);
			runOnlyForDeploymentPostprocessing = 0;
		};
/* End PBXResourcesBuildPhase section */

/* Begin PBXShellScriptBuildPhase section */
		94BE5AA52370AB7400CE3060 /* ShellScript */ = {
			isa = PBXShellScriptBuildPhase;
			buildActionMask = 2147483647;
			files = (
			);
			inputFileListPaths = (
			);
			inputPaths = (
			);
			outputFileListPaths = (
			);
			outputPaths = (
			);
			runOnlyForDeploymentPostprocessing = 0;
			shellPath = /bin/sh;
			shellScript = "if which swiftlint >/dev/null; then\n  swiftlint\nelse\n  echo \"warning: SwiftLint not installed, download from https://github.com/realm/SwiftLint\"\nfi\n";
		};
		9E227E100D7A89DB3838D30F /* [CP] Embed Pods Frameworks */ = {
			isa = PBXShellScriptBuildPhase;
			buildActionMask = 2147483647;
			files = (
			);
			inputFileListPaths = (
				"${PODS_ROOT}/Target Support Files/Pods-VigiClean-VigiCleanUITests/Pods-VigiClean-VigiCleanUITests-frameworks-${CONFIGURATION}-input-files.xcfilelist",
			);
			name = "[CP] Embed Pods Frameworks";
			outputFileListPaths = (
				"${PODS_ROOT}/Target Support Files/Pods-VigiClean-VigiCleanUITests/Pods-VigiClean-VigiCleanUITests-frameworks-${CONFIGURATION}-output-files.xcfilelist",
			);
			runOnlyForDeploymentPostprocessing = 0;
			shellPath = /bin/sh;
			shellScript = "\"${PODS_ROOT}/Target Support Files/Pods-VigiClean-VigiCleanUITests/Pods-VigiClean-VigiCleanUITests-frameworks.sh\"\n";
			showEnvVarsInLog = 0;
		};
		A373B4BBA02B7324A9FE59B0 /* [CP] Check Pods Manifest.lock */ = {
			isa = PBXShellScriptBuildPhase;
			buildActionMask = 2147483647;
			files = (
			);
			inputFileListPaths = (
			);
			inputPaths = (
				"${PODS_PODFILE_DIR_PATH}/Podfile.lock",
				"${PODS_ROOT}/Manifest.lock",
			);
			name = "[CP] Check Pods Manifest.lock";
			outputFileListPaths = (
			);
			outputPaths = (
				"$(DERIVED_FILE_DIR)/Pods-VigiCleanTests-checkManifestLockResult.txt",
			);
			runOnlyForDeploymentPostprocessing = 0;
			shellPath = /bin/sh;
			shellScript = "diff \"${PODS_PODFILE_DIR_PATH}/Podfile.lock\" \"${PODS_ROOT}/Manifest.lock\" > /dev/null\nif [ $? != 0 ] ; then\n    # print error to STDERR\n    echo \"error: The sandbox is not in sync with the Podfile.lock. Run 'pod install' or update your CocoaPods installation.\" >&2\n    exit 1\nfi\n# This output is used by Xcode 'outputs' to avoid re-running this script phase.\necho \"SUCCESS\" > \"${SCRIPT_OUTPUT_FILE_0}\"\n";
			showEnvVarsInLog = 0;
		};
		A4A6D389E2146FC3FA9CEF7E /* [CP] Check Pods Manifest.lock */ = {
			isa = PBXShellScriptBuildPhase;
			buildActionMask = 2147483647;
			files = (
			);
			inputFileListPaths = (
			);
			inputPaths = (
				"${PODS_PODFILE_DIR_PATH}/Podfile.lock",
				"${PODS_ROOT}/Manifest.lock",
			);
			name = "[CP] Check Pods Manifest.lock";
			outputFileListPaths = (
			);
			outputPaths = (
				"$(DERIVED_FILE_DIR)/Pods-VigiClean-checkManifestLockResult.txt",
			);
			runOnlyForDeploymentPostprocessing = 0;
			shellPath = /bin/sh;
			shellScript = "diff \"${PODS_PODFILE_DIR_PATH}/Podfile.lock\" \"${PODS_ROOT}/Manifest.lock\" > /dev/null\nif [ $? != 0 ] ; then\n    # print error to STDERR\n    echo \"error: The sandbox is not in sync with the Podfile.lock. Run 'pod install' or update your CocoaPods installation.\" >&2\n    exit 1\nfi\n# This output is used by Xcode 'outputs' to avoid re-running this script phase.\necho \"SUCCESS\" > \"${SCRIPT_OUTPUT_FILE_0}\"\n";
			showEnvVarsInLog = 0;
		};
		AF62C3C4F1F5AAC055DD8E5B /* [CP] Embed Pods Frameworks */ = {
			isa = PBXShellScriptBuildPhase;
			buildActionMask = 2147483647;
			files = (
			);
			inputFileListPaths = (
				"${PODS_ROOT}/Target Support Files/Pods-VigiClean/Pods-VigiClean-frameworks-${CONFIGURATION}-input-files.xcfilelist",
			);
			name = "[CP] Embed Pods Frameworks";
			outputFileListPaths = (
				"${PODS_ROOT}/Target Support Files/Pods-VigiClean/Pods-VigiClean-frameworks-${CONFIGURATION}-output-files.xcfilelist",
			);
			runOnlyForDeploymentPostprocessing = 0;
			shellPath = /bin/sh;
			shellScript = "\"${PODS_ROOT}/Target Support Files/Pods-VigiClean/Pods-VigiClean-frameworks.sh\"\n";
			showEnvVarsInLog = 0;
		};
		BCEBCE06F7D71E33460D8AF0 /* [CP] Check Pods Manifest.lock */ = {
			isa = PBXShellScriptBuildPhase;
			buildActionMask = 2147483647;
			files = (
			);
			inputFileListPaths = (
			);
			inputPaths = (
				"${PODS_PODFILE_DIR_PATH}/Podfile.lock",
				"${PODS_ROOT}/Manifest.lock",
			);
			name = "[CP] Check Pods Manifest.lock";
			outputFileListPaths = (
			);
			outputPaths = (
				"$(DERIVED_FILE_DIR)/Pods-VigiClean-VigiCleanUITests-checkManifestLockResult.txt",
			);
			runOnlyForDeploymentPostprocessing = 0;
			shellPath = /bin/sh;
			shellScript = "diff \"${PODS_PODFILE_DIR_PATH}/Podfile.lock\" \"${PODS_ROOT}/Manifest.lock\" > /dev/null\nif [ $? != 0 ] ; then\n    # print error to STDERR\n    echo \"error: The sandbox is not in sync with the Podfile.lock. Run 'pod install' or update your CocoaPods installation.\" >&2\n    exit 1\nfi\n# This output is used by Xcode 'outputs' to avoid re-running this script phase.\necho \"SUCCESS\" > \"${SCRIPT_OUTPUT_FILE_0}\"\n";
			showEnvVarsInLog = 0;
		};
/* End PBXShellScriptBuildPhase section */

/* Begin PBXSourcesBuildPhase section */
		94F0A0202370A1CA00037210 /* Sources */ = {
			isa = PBXSourcesBuildPhase;
			buildActionMask = 2147483647;
			files = (
				94138AAD237D067B00419F2C /* SignUpViewController.swift in Sources */,
				94138AAF237D069F00419F2C /* SignUpViewPresenter.swift in Sources */,
				94BA1EEA238DA11C00FE19A1 /* RequestViewController.swift in Sources */,
				94BA1EEE238E6A3900FE19A1 /* AttachEmailContracts.swift in Sources */,
				94BA1EE6238C213E00FE19A1 /* AttachEmailViewController.swift in Sources */,
				941F7E1B237B084400044A0D /* ProfileViewController.swift in Sources */,
				94BA1F0A239550EB00FE19A1 /* ScannerContracts.swift in Sources */,
				94BA1EF2238E6AAA00FE19A1 /* WelcomeContracts.swift in Sources */,
				94504A602382CADE0054BE70 /* ProfileViewPresenter.swift in Sources */,
				94CDC9B2237C617A003295AD /* UIViewController+Extension.swift in Sources */,
				9462DCC1237B5D81003AEFB9 /* SignInViewController.swift in Sources */,
				94BA1F0C239551C900FE19A1 /* Contracts.swift in Sources */,
				94CDC9AE237C3AF2003295AD /* UserAccount.swift in Sources */,
				94BA1F082395509600FE19A1 /* ScannerViewPresenter.swift in Sources */,
				94EB57752372D8B800582990 /* DashBoardViewController.swift in Sources */,
				94CDC9AC237C35FC003295AD /* SignInViewPresenter.swift in Sources */,
				94504AA5238583C90054BE70 /* SignInContracts.swift in Sources */,
				94CDC9B0237C48F9003295AD /* WelcomeViewController.swift in Sources */,
				94F0A0282370A1CA00037210 /* AppDelegate.swift in Sources */,
				94C539C82385BE9600D4993A /* Scanner.swift in Sources */,
				94BA1EE8238C223500FE19A1 /* AttachEmailViewPresenter.swift in Sources */,
				94BA1EEC238E696800FE19A1 /* SignUpContracts.swift in Sources */,
				947FFAEF237213C800F01487 /* ScoreView.swift in Sources */,
				94138AB1237D0EEA00419F2C /* WelcomeViewPresenter.swift in Sources */,
				94EB57772372DB1E00582990 /* ScannerViewController.swift in Sources */,
				94BA1EF0238E6A6B00FE19A1 /* ProfileContracts.swift in Sources */,
				94504AA823858CCF0054BE70 /* LaunchViewController.swift in Sources */,
				94BA1F152395A53000FE19A1 /* RequestViewPresenter.swift in Sources */,
				94BA1F132395A4F400FE19A1 /* RequestContracts.swift in Sources */,
			);
			runOnlyForDeploymentPostprocessing = 0;
		};
		94F0A0362370A1CC00037210 /* Sources */ = {
			isa = PBXSourcesBuildPhase;
			buildActionMask = 2147483647;
			files = (
				94BA1EF723900EF000FE19A1 /* FakeUser.swift in Sources */,
				94BA1F022390349900FE19A1 /* FakeFirestore.swift in Sources */,
				94BA1EF923901E9200FE19A1 /* FakeServer.swift in Sources */,
				94BA1F062390363700FE19A1 /* FakeDocumentReference.swift in Sources */,
				94BA1EFB2390267B00FE19A1 /* FakeAuthDataResult.swift in Sources */,
				94BA1EF42390060800FE19A1 /* FakeAuth.swift in Sources */,
				94504A622382CD940054BE70 /* UserAccountTestCase.swift in Sources */,
				94BA1F042390350100FE19A1 /* FakeCollectionReference.swift in Sources */,
			);
			runOnlyForDeploymentPostprocessing = 0;
		};
		94F0A0412370A1CC00037210 /* Sources */ = {
			isa = PBXSourcesBuildPhase;
			buildActionMask = 2147483647;
			files = (
				94F0A04A2370A1CC00037210 /* VigiCleanUITests.swift in Sources */,
			);
			runOnlyForDeploymentPostprocessing = 0;
		};
/* End PBXSourcesBuildPhase section */

/* Begin PBXTargetDependency section */
		94F0A03C2370A1CC00037210 /* PBXTargetDependency */ = {
			isa = PBXTargetDependency;
			target = 94F0A0232370A1CA00037210 /* VigiClean */;
			targetProxy = 94F0A03B2370A1CC00037210 /* PBXContainerItemProxy */;
		};
		94F0A0472370A1CC00037210 /* PBXTargetDependency */ = {
			isa = PBXTargetDependency;
			target = 94F0A0232370A1CA00037210 /* VigiClean */;
			targetProxy = 94F0A0462370A1CC00037210 /* PBXContainerItemProxy */;
		};
/* End PBXTargetDependency section */

/* Begin PBXVariantGroup section */
		94F0A02D2370A1CA00037210 /* Main.storyboard */ = {
			isa = PBXVariantGroup;
			children = (
				94F0A02E2370A1CA00037210 /* Base */,
			);
			name = Main.storyboard;
			sourceTree = "<group>";
		};
		94F0A0322370A1CB00037210 /* LaunchScreen.storyboard */ = {
			isa = PBXVariantGroup;
			children = (
				94F0A0332370A1CB00037210 /* Base */,
			);
			name = LaunchScreen.storyboard;
			sourceTree = "<group>";
		};
/* End PBXVariantGroup section */

/* Begin XCBuildConfiguration section */
		94F0A04C2370A1CC00037210 /* Debug */ = {
			isa = XCBuildConfiguration;
			buildSettings = {
				ALWAYS_SEARCH_USER_PATHS = NO;
				CLANG_ANALYZER_LOCALIZABILITY_NONLOCALIZED = YES;
				CLANG_ANALYZER_NONNULL = YES;
				CLANG_ANALYZER_NUMBER_OBJECT_CONVERSION = YES_AGGRESSIVE;
				CLANG_CXX_LANGUAGE_STANDARD = "gnu++14";
				CLANG_CXX_LIBRARY = "libc++";
				CLANG_ENABLE_MODULES = YES;
				CLANG_ENABLE_OBJC_ARC = YES;
				CLANG_ENABLE_OBJC_WEAK = YES;
				CLANG_WARN_BLOCK_CAPTURE_AUTORELEASING = YES;
				CLANG_WARN_BOOL_CONVERSION = YES;
				CLANG_WARN_COMMA = YES;
				CLANG_WARN_CONSTANT_CONVERSION = YES;
				CLANG_WARN_DEPRECATED_OBJC_IMPLEMENTATIONS = YES;
				CLANG_WARN_DIRECT_OBJC_ISA_USAGE = YES_ERROR;
				CLANG_WARN_DOCUMENTATION_COMMENTS = YES;
				CLANG_WARN_EMPTY_BODY = YES;
				CLANG_WARN_ENUM_CONVERSION = YES;
				CLANG_WARN_INFINITE_RECURSION = YES;
				CLANG_WARN_INT_CONVERSION = YES;
				CLANG_WARN_NON_LITERAL_NULL_CONVERSION = YES;
				CLANG_WARN_OBJC_IMPLICIT_RETAIN_SELF = YES;
				CLANG_WARN_OBJC_LITERAL_CONVERSION = YES;
				CLANG_WARN_OBJC_ROOT_CLASS = YES_ERROR;
				CLANG_WARN_RANGE_LOOP_ANALYSIS = YES;
				CLANG_WARN_STRICT_PROTOTYPES = YES;
				CLANG_WARN_SUSPICIOUS_MOVE = YES;
				CLANG_WARN_UNGUARDED_AVAILABILITY = YES_AGGRESSIVE;
				CLANG_WARN_UNREACHABLE_CODE = YES;
				CLANG_WARN__DUPLICATE_METHOD_MATCH = YES;
				COPY_PHASE_STRIP = NO;
				DEBUG_INFORMATION_FORMAT = dwarf;
				ENABLE_STRICT_OBJC_MSGSEND = YES;
				ENABLE_TESTABILITY = YES;
				GCC_C_LANGUAGE_STANDARD = gnu11;
				GCC_DYNAMIC_NO_PIC = NO;
				GCC_NO_COMMON_BLOCKS = YES;
				GCC_OPTIMIZATION_LEVEL = 0;
				GCC_PREPROCESSOR_DEFINITIONS = (
					"DEBUG=1",
					"$(inherited)",
				);
				GCC_WARN_64_TO_32_BIT_CONVERSION = YES;
				GCC_WARN_ABOUT_RETURN_TYPE = YES_ERROR;
				GCC_WARN_UNDECLARED_SELECTOR = YES;
				GCC_WARN_UNINITIALIZED_AUTOS = YES_AGGRESSIVE;
				GCC_WARN_UNUSED_FUNCTION = YES;
				GCC_WARN_UNUSED_VARIABLE = YES;
				IPHONEOS_DEPLOYMENT_TARGET = 11.0;
				MTL_ENABLE_DEBUG_INFO = INCLUDE_SOURCE;
				MTL_FAST_MATH = YES;
				ONLY_ACTIVE_ARCH = YES;
				SDKROOT = iphoneos;
				SWIFT_ACTIVE_COMPILATION_CONDITIONS = DEBUG;
				SWIFT_OPTIMIZATION_LEVEL = "-Onone";
			};
			name = Debug;
		};
		94F0A04D2370A1CC00037210 /* Release */ = {
			isa = XCBuildConfiguration;
			buildSettings = {
				ALWAYS_SEARCH_USER_PATHS = NO;
				CLANG_ANALYZER_LOCALIZABILITY_NONLOCALIZED = YES;
				CLANG_ANALYZER_NONNULL = YES;
				CLANG_ANALYZER_NUMBER_OBJECT_CONVERSION = YES_AGGRESSIVE;
				CLANG_CXX_LANGUAGE_STANDARD = "gnu++14";
				CLANG_CXX_LIBRARY = "libc++";
				CLANG_ENABLE_MODULES = YES;
				CLANG_ENABLE_OBJC_ARC = YES;
				CLANG_ENABLE_OBJC_WEAK = YES;
				CLANG_WARN_BLOCK_CAPTURE_AUTORELEASING = YES;
				CLANG_WARN_BOOL_CONVERSION = YES;
				CLANG_WARN_COMMA = YES;
				CLANG_WARN_CONSTANT_CONVERSION = YES;
				CLANG_WARN_DEPRECATED_OBJC_IMPLEMENTATIONS = YES;
				CLANG_WARN_DIRECT_OBJC_ISA_USAGE = YES_ERROR;
				CLANG_WARN_DOCUMENTATION_COMMENTS = YES;
				CLANG_WARN_EMPTY_BODY = YES;
				CLANG_WARN_ENUM_CONVERSION = YES;
				CLANG_WARN_INFINITE_RECURSION = YES;
				CLANG_WARN_INT_CONVERSION = YES;
				CLANG_WARN_NON_LITERAL_NULL_CONVERSION = YES;
				CLANG_WARN_OBJC_IMPLICIT_RETAIN_SELF = YES;
				CLANG_WARN_OBJC_LITERAL_CONVERSION = YES;
				CLANG_WARN_OBJC_ROOT_CLASS = YES_ERROR;
				CLANG_WARN_RANGE_LOOP_ANALYSIS = YES;
				CLANG_WARN_STRICT_PROTOTYPES = YES;
				CLANG_WARN_SUSPICIOUS_MOVE = YES;
				CLANG_WARN_UNGUARDED_AVAILABILITY = YES_AGGRESSIVE;
				CLANG_WARN_UNREACHABLE_CODE = YES;
				CLANG_WARN__DUPLICATE_METHOD_MATCH = YES;
				COPY_PHASE_STRIP = NO;
				DEBUG_INFORMATION_FORMAT = "dwarf-with-dsym";
				ENABLE_NS_ASSERTIONS = NO;
				ENABLE_STRICT_OBJC_MSGSEND = YES;
				GCC_C_LANGUAGE_STANDARD = gnu11;
				GCC_NO_COMMON_BLOCKS = YES;
				GCC_WARN_64_TO_32_BIT_CONVERSION = YES;
				GCC_WARN_ABOUT_RETURN_TYPE = YES_ERROR;
				GCC_WARN_UNDECLARED_SELECTOR = YES;
				GCC_WARN_UNINITIALIZED_AUTOS = YES_AGGRESSIVE;
				GCC_WARN_UNUSED_FUNCTION = YES;
				GCC_WARN_UNUSED_VARIABLE = YES;
				IPHONEOS_DEPLOYMENT_TARGET = 11.0;
				MTL_ENABLE_DEBUG_INFO = NO;
				MTL_FAST_MATH = YES;
				SDKROOT = iphoneos;
				SWIFT_COMPILATION_MODE = wholemodule;
				SWIFT_OPTIMIZATION_LEVEL = "-O";
				VALIDATE_PRODUCT = YES;
			};
			name = Release;
		};
		94F0A04F2370A1CC00037210 /* Debug */ = {
			isa = XCBuildConfiguration;
			baseConfigurationReference = 11C5207089B10A00008D9ECF /* Pods-VigiClean.debug.xcconfig */;
			buildSettings = {
				ASSETCATALOG_COMPILER_APPICON_NAME = AppIcon;
				CODE_SIGN_ENTITLEMENTS = "";
				CODE_SIGN_STYLE = Automatic;
				DEVELOPMENT_TEAM = QW59HMZCU4;
				INFOPLIST_FILE = VigiClean/Info.plist;
				IPHONEOS_DEPLOYMENT_TARGET = 11.0;
				LD_RUNPATH_SEARCH_PATHS = (
					"$(inherited)",
					"@executable_path/Frameworks",
				);
				PRODUCT_BUNDLE_IDENTIFIER = com.paulleclerc.VigiClean;
				PRODUCT_NAME = "$(TARGET_NAME)";
				SWIFT_VERSION = 5.0;
				TARGETED_DEVICE_FAMILY = "1,2";
			};
			name = Debug;
		};
		94F0A0502370A1CC00037210 /* Release */ = {
			isa = XCBuildConfiguration;
			baseConfigurationReference = 3B8FEA6902FA6BEDBF22ABA5 /* Pods-VigiClean.release.xcconfig */;
			buildSettings = {
				ASSETCATALOG_COMPILER_APPICON_NAME = AppIcon;
				CODE_SIGN_ENTITLEMENTS = "";
				CODE_SIGN_STYLE = Automatic;
				DEVELOPMENT_TEAM = QW59HMZCU4;
				INFOPLIST_FILE = VigiClean/Info.plist;
				IPHONEOS_DEPLOYMENT_TARGET = 11.0;
				LD_RUNPATH_SEARCH_PATHS = (
					"$(inherited)",
					"@executable_path/Frameworks",
				);
				PRODUCT_BUNDLE_IDENTIFIER = com.paulleclerc.VigiClean;
				PRODUCT_NAME = "$(TARGET_NAME)";
				SWIFT_VERSION = 5.0;
				TARGETED_DEVICE_FAMILY = "1,2";
			};
			name = Release;
		};
		94F0A0522370A1CC00037210 /* Debug */ = {
			isa = XCBuildConfiguration;
			baseConfigurationReference = CFA8A988CB517D586C2E48AD /* Pods-VigiCleanTests.debug.xcconfig */;
			buildSettings = {
				ALWAYS_EMBED_SWIFT_STANDARD_LIBRARIES = YES;
				BUNDLE_LOADER = "$(TEST_HOST)";
				CODE_SIGN_STYLE = Automatic;
				DEVELOPMENT_TEAM = QW59HMZCU4;
				INFOPLIST_FILE = VigiCleanTests/Info.plist;
				IPHONEOS_DEPLOYMENT_TARGET = 13.1;
				LD_RUNPATH_SEARCH_PATHS = (
					"$(inherited)",
					"@executable_path/Frameworks",
					"@loader_path/Frameworks",
				);
				PRODUCT_BUNDLE_IDENTIFIER = com.paulleclerc.VigiCleanTests;
				PRODUCT_NAME = "$(TARGET_NAME)";
				SWIFT_VERSION = 5.0;
				TARGETED_DEVICE_FAMILY = "1,2";
				TEST_HOST = "$(BUILT_PRODUCTS_DIR)/VigiClean.app/VigiClean";
			};
			name = Debug;
		};
		94F0A0532370A1CC00037210 /* Release */ = {
			isa = XCBuildConfiguration;
			baseConfigurationReference = 849CECC00E6B415F3F5660F8 /* Pods-VigiCleanTests.release.xcconfig */;
			buildSettings = {
				ALWAYS_EMBED_SWIFT_STANDARD_LIBRARIES = YES;
				BUNDLE_LOADER = "$(TEST_HOST)";
				CODE_SIGN_STYLE = Automatic;
				DEVELOPMENT_TEAM = QW59HMZCU4;
				INFOPLIST_FILE = VigiCleanTests/Info.plist;
				IPHONEOS_DEPLOYMENT_TARGET = 13.1;
				LD_RUNPATH_SEARCH_PATHS = (
					"$(inherited)",
					"@executable_path/Frameworks",
					"@loader_path/Frameworks",
				);
				PRODUCT_BUNDLE_IDENTIFIER = com.paulleclerc.VigiCleanTests;
				PRODUCT_NAME = "$(TARGET_NAME)";
				SWIFT_VERSION = 5.0;
				TARGETED_DEVICE_FAMILY = "1,2";
				TEST_HOST = "$(BUILT_PRODUCTS_DIR)/VigiClean.app/VigiClean";
			};
			name = Release;
		};
		94F0A0552370A1CC00037210 /* Debug */ = {
			isa = XCBuildConfiguration;
			baseConfigurationReference = F6BA5311AD8F45CF4137BD81 /* Pods-VigiClean-VigiCleanUITests.debug.xcconfig */;
			buildSettings = {
				ALWAYS_EMBED_SWIFT_STANDARD_LIBRARIES = YES;
				CODE_SIGN_STYLE = Automatic;
				DEVELOPMENT_TEAM = QW59HMZCU4;
				INFOPLIST_FILE = VigiCleanUITests/Info.plist;
				LD_RUNPATH_SEARCH_PATHS = (
					"$(inherited)",
					"@executable_path/Frameworks",
					"@loader_path/Frameworks",
				);
				PRODUCT_BUNDLE_IDENTIFIER = com.paulleclerc.VigiCleanUITests;
				PRODUCT_NAME = "$(TARGET_NAME)";
				SWIFT_VERSION = 5.0;
				TARGETED_DEVICE_FAMILY = "1,2";
				TEST_TARGET_NAME = VigiClean;
			};
			name = Debug;
		};
		94F0A0562370A1CC00037210 /* Release */ = {
			isa = XCBuildConfiguration;
			baseConfigurationReference = AB9F459A37ABB10FE183AFA6 /* Pods-VigiClean-VigiCleanUITests.release.xcconfig */;
			buildSettings = {
				ALWAYS_EMBED_SWIFT_STANDARD_LIBRARIES = YES;
				CODE_SIGN_STYLE = Automatic;
				DEVELOPMENT_TEAM = QW59HMZCU4;
				INFOPLIST_FILE = VigiCleanUITests/Info.plist;
				LD_RUNPATH_SEARCH_PATHS = (
					"$(inherited)",
					"@executable_path/Frameworks",
					"@loader_path/Frameworks",
				);
				PRODUCT_BUNDLE_IDENTIFIER = com.paulleclerc.VigiCleanUITests;
				PRODUCT_NAME = "$(TARGET_NAME)";
				SWIFT_VERSION = 5.0;
				TARGETED_DEVICE_FAMILY = "1,2";
				TEST_TARGET_NAME = VigiClean;
			};
			name = Release;
		};
/* End XCBuildConfiguration section */

/* Begin XCConfigurationList section */
		94F0A01F2370A1CA00037210 /* Build configuration list for PBXProject "VigiClean" */ = {
			isa = XCConfigurationList;
			buildConfigurations = (
				94F0A04C2370A1CC00037210 /* Debug */,
				94F0A04D2370A1CC00037210 /* Release */,
			);
			defaultConfigurationIsVisible = 0;
			defaultConfigurationName = Release;
		};
		94F0A04E2370A1CC00037210 /* Build configuration list for PBXNativeTarget "VigiClean" */ = {
			isa = XCConfigurationList;
			buildConfigurations = (
				94F0A04F2370A1CC00037210 /* Debug */,
				94F0A0502370A1CC00037210 /* Release */,
			);
			defaultConfigurationIsVisible = 0;
			defaultConfigurationName = Release;
		};
		94F0A0512370A1CC00037210 /* Build configuration list for PBXNativeTarget "VigiCleanTests" */ = {
			isa = XCConfigurationList;
			buildConfigurations = (
				94F0A0522370A1CC00037210 /* Debug */,
				94F0A0532370A1CC00037210 /* Release */,
			);
			defaultConfigurationIsVisible = 0;
			defaultConfigurationName = Release;
		};
		94F0A0542370A1CC00037210 /* Build configuration list for PBXNativeTarget "VigiCleanUITests" */ = {
			isa = XCConfigurationList;
			buildConfigurations = (
				94F0A0552370A1CC00037210 /* Debug */,
				94F0A0562370A1CC00037210 /* Release */,
			);
			defaultConfigurationIsVisible = 0;
			defaultConfigurationName = Release;
		};
/* End XCConfigurationList section */
	};
	rootObject = 94F0A01C2370A1CA00037210 /* Project object */;
}
