// !$*UTF8*$!
{
	archiveVersion = 1;
	classes = {
	};
	objectVersion = 51;
	objects = {

/* Begin PBXBuildFile section */
		2EDF790BADCB409446220B2E /* Pods_VigiCleanTests.framework in Frameworks */ = {isa = PBXBuildFile; fileRef = B07C60F1F161004AED1E3929 /* Pods_VigiCleanTests.framework */; };
		9402E9A3239A8EF80070E910 /* BasePresenter.swift in Sources */ = {isa = PBXBuildFile; fileRef = 9402E9A2239A8EF80070E910 /* BasePresenter.swift */; };
		94138AAD237D067B00419F2C /* SignUpViewController.swift in Sources */ = {isa = PBXBuildFile; fileRef = 94138AAC237D067B00419F2C /* SignUpViewController.swift */; };
		94138AAF237D069F00419F2C /* SignUpViewPresenter.swift in Sources */ = {isa = PBXBuildFile; fileRef = 94138AAE237D069F00419F2C /* SignUpViewPresenter.swift */; };
		94138AB1237D0EEA00419F2C /* WelcomeViewPresenter.swift in Sources */ = {isa = PBXBuildFile; fileRef = 94138AB0237D0EEA00419F2C /* WelcomeViewPresenter.swift */; };
		941F7E1B237B084400044A0D /* ProfileViewController.swift in Sources */ = {isa = PBXBuildFile; fileRef = 941F7E1A237B084400044A0D /* ProfileViewController.swift */; };
		94504A4B238219FC0054BE70 /* .swiftlint.yml in Resources */ = {isa = PBXBuildFile; fileRef = 94504A4A238219FC0054BE70 /* .swiftlint.yml */; };
		94504A602382CADE0054BE70 /* ProfileViewPresenter.swift in Sources */ = {isa = PBXBuildFile; fileRef = 94504A5F2382CADE0054BE70 /* ProfileViewPresenter.swift */; };
		94504AA5238583C90054BE70 /* SignInContracts.swift in Sources */ = {isa = PBXBuildFile; fileRef = 94504AA4238583C90054BE70 /* SignInContracts.swift */; };
		94504AA823858CCF0054BE70 /* LaunchViewController.swift in Sources */ = {isa = PBXBuildFile; fileRef = 94504AA723858CCF0054BE70 /* LaunchViewController.swift */; };
		94623695239A9F780026DD95 /* GoogleService-Info.plist in Resources */ = {isa = PBXBuildFile; fileRef = 94623694239A9F780026DD95 /* GoogleService-Info.plist */; };
		94623699239AC4F50026DD95 /* LaunchContracts.swift in Sources */ = {isa = PBXBuildFile; fileRef = 94623698239AC4F50026DD95 /* LaunchContracts.swift */; };
		9462369B239AC51C0026DD95 /* LaunchViewPresenter.swift in Sources */ = {isa = PBXBuildFile; fileRef = 9462369A239AC51C0026DD95 /* LaunchViewPresenter.swift */; };
		9462DCC1237B5D81003AEFB9 /* SignInViewController.swift in Sources */ = {isa = PBXBuildFile; fileRef = 9462DCC0237B5D81003AEFB9 /* SignInViewController.swift */; };
		9463FDAF23AA9CF200827E06 /* EasyError.swift in Sources */ = {isa = PBXBuildFile; fileRef = 9463FDAE23AA9CF200827E06 /* EasyError.swift */; };
		9463FDB123AA9DCC00827E06 /* StorageFake.swift in Sources */ = {isa = PBXBuildFile; fileRef = 9463FDB023AA9DCC00827E06 /* StorageFake.swift */; };
		947FFAEF237213C800F01487 /* ScoreView.swift in Sources */ = {isa = PBXBuildFile; fileRef = 947FFAEE237213C800F01487 /* ScoreView.swift */; };
		9488AA9B2371AA8100DCD76F /* Hamish.otf in Resources */ = {isa = PBXBuildFile; fileRef = 9488AA9A2371AA8100DCD76F /* Hamish.otf */; };
		94BA1EE6238C213E00FE19A1 /* AttachEmailViewController.swift in Sources */ = {isa = PBXBuildFile; fileRef = 94BA1EE5238C213E00FE19A1 /* AttachEmailViewController.swift */; };
		94BA1EE8238C223500FE19A1 /* AttachEmailViewPresenter.swift in Sources */ = {isa = PBXBuildFile; fileRef = 94BA1EE7238C223500FE19A1 /* AttachEmailViewPresenter.swift */; };
		94BA1EEA238DA11C00FE19A1 /* RequestViewController.swift in Sources */ = {isa = PBXBuildFile; fileRef = 94BA1EE9238DA11C00FE19A1 /* RequestViewController.swift */; };
		94BA1EEC238E696800FE19A1 /* SignUpContracts.swift in Sources */ = {isa = PBXBuildFile; fileRef = 94BA1EEB238E696800FE19A1 /* SignUpContracts.swift */; };
		94BA1EEE238E6A3900FE19A1 /* AttachEmailContracts.swift in Sources */ = {isa = PBXBuildFile; fileRef = 94BA1EED238E6A3900FE19A1 /* AttachEmailContracts.swift */; };
		94BA1EF0238E6A6B00FE19A1 /* ProfileContracts.swift in Sources */ = {isa = PBXBuildFile; fileRef = 94BA1EEF238E6A6B00FE19A1 /* ProfileContracts.swift */; };
		94BA1EF2238E6AAA00FE19A1 /* WelcomeContracts.swift in Sources */ = {isa = PBXBuildFile; fileRef = 94BA1EF1238E6AAA00FE19A1 /* WelcomeContracts.swift */; };
		94BA1F082395509600FE19A1 /* ScannerViewPresenter.swift in Sources */ = {isa = PBXBuildFile; fileRef = 94BA1F072395509600FE19A1 /* ScannerViewPresenter.swift */; };
		94BA1F0A239550EB00FE19A1 /* ScannerContracts.swift in Sources */ = {isa = PBXBuildFile; fileRef = 94BA1F09239550EB00FE19A1 /* ScannerContracts.swift */; };
		94BA1F132395A4F400FE19A1 /* RequestContracts.swift in Sources */ = {isa = PBXBuildFile; fileRef = 94BA1F122395A4F400FE19A1 /* RequestContracts.swift */; };
		94BA1F152395A53000FE19A1 /* RequestViewPresenter.swift in Sources */ = {isa = PBXBuildFile; fileRef = 94BA1F142395A53000FE19A1 /* RequestViewPresenter.swift */; };
		94BA1F172395D4A900FE19A1 /* Object.swift in Sources */ = {isa = PBXBuildFile; fileRef = 94BA1F162395D4A900FE19A1 /* Object.swift */; };
		94BA1F192395D72F00FE19A1 /* Scanner.swift in Sources */ = {isa = PBXBuildFile; fileRef = 94BA1F182395D72F00FE19A1 /* Scanner.swift */; };
		94BE5AA22370A81100CE3060 /* Podfile in Resources */ = {isa = PBXBuildFile; fileRef = 94BE5AA12370A81100CE3060 /* Podfile */; };
		94BE5AA92370ACA900CE3060 /* .gitignore in Resources */ = {isa = PBXBuildFile; fileRef = 94BE5AA82370ACA900CE3060 /* .gitignore */; };
		94CDC9AC237C35FC003295AD /* SignInViewPresenter.swift in Sources */ = {isa = PBXBuildFile; fileRef = 94CDC9AB237C35FC003295AD /* SignInViewPresenter.swift */; };
		94CDC9AE237C3AF2003295AD /* AccountManager.swift in Sources */ = {isa = PBXBuildFile; fileRef = 94CDC9AD237C3AF2003295AD /* AccountManager.swift */; };
		94CDC9B0237C48F9003295AD /* WelcomeViewController.swift in Sources */ = {isa = PBXBuildFile; fileRef = 94CDC9AF237C48F9003295AD /* WelcomeViewController.swift */; };
		94CDC9B2237C617A003295AD /* UIViewController+Extension.swift in Sources */ = {isa = PBXBuildFile; fileRef = 94CDC9B1237C617A003295AD /* UIViewController+Extension.swift */; };
		94D20949239B08560089759B /* DashboardContracts.swift in Sources */ = {isa = PBXBuildFile; fileRef = 94D20948239B08560089759B /* DashboardContracts.swift */; };
		94D2094B239B09920089759B /* DashboardViewPresenter.swift in Sources */ = {isa = PBXBuildFile; fileRef = 94D2094A239B09920089759B /* DashboardViewPresenter.swift */; };
		94D20954239EBD590089759B /* ScoreViewPresenter.swift in Sources */ = {isa = PBXBuildFile; fileRef = 94D20953239EBD580089759B /* ScoreViewPresenter.swift */; };
		94D20956239EBD9D0089759B /* ScoreContracts.swift in Sources */ = {isa = PBXBuildFile; fileRef = 94D20955239EBD9D0089759B /* ScoreContracts.swift */; };
		94D20958239EDE080089759B /* FirebaseInterface.swift in Sources */ = {isa = PBXBuildFile; fileRef = 94D20957239EDE080089759B /* FirebaseInterface.swift */; };
		94D2095A239EE14D0089759B /* Color.swift in Sources */ = {isa = PBXBuildFile; fileRef = 94D20959239EE14D0089759B /* Color.swift */; };
		94D20966239EE8030089759B /* AccountManagerTestCase.swift in Sources */ = {isa = PBXBuildFile; fileRef = 94D20965239EE8030089759B /* AccountManagerTestCase.swift */; };
		94D20969239EE9D10089759B /* AuthFake.swift in Sources */ = {isa = PBXBuildFile; fileRef = 94D20968239EE9D10089759B /* AuthFake.swift */; };
		94D2096B239EEB0B0089759B /* FirestoreFake.swift in Sources */ = {isa = PBXBuildFile; fileRef = 94D2096A239EEB0B0089759B /* FirestoreFake.swift */; };
		94D20970239FEBA90089759B /* Action.swift in Sources */ = {isa = PBXBuildFile; fileRef = 94D2096F239FEBA90089759B /* Action.swift */; };
		94DC7C20239ADA0E00C414DA /* ObjectManager.swift in Sources */ = {isa = PBXBuildFile; fileRef = 94DC7C1F239ADA0E00C414DA /* ObjectManager.swift */; };
		94DF01F423A514370016CA24 /* Poi.swift in Sources */ = {isa = PBXBuildFile; fileRef = 94DF01F323A514370016CA24 /* Poi.swift */; };
		94EB57752372D8B800582990 /* DashboardViewController.swift in Sources */ = {isa = PBXBuildFile; fileRef = 94EB57742372D8B800582990 /* DashboardViewController.swift */; };
		94EB57772372DB1E00582990 /* ScannerViewController.swift in Sources */ = {isa = PBXBuildFile; fileRef = 94EB57762372DB1E00582990 /* ScannerViewController.swift */; };
		94F0A0282370A1CA00037210 /* AppDelegate.swift in Sources */ = {isa = PBXBuildFile; fileRef = 94F0A0272370A1CA00037210 /* AppDelegate.swift */; };
		94F0A02F2370A1CA00037210 /* Main.storyboard in Resources */ = {isa = PBXBuildFile; fileRef = 94F0A02D2370A1CA00037210 /* Main.storyboard */; };
		94F0A0312370A1CB00037210 /* Assets.xcassets in Resources */ = {isa = PBXBuildFile; fileRef = 94F0A0302370A1CB00037210 /* Assets.xcassets */; };
		94F0A0342370A1CB00037210 /* LaunchScreen.storyboard in Resources */ = {isa = PBXBuildFile; fileRef = 94F0A0322370A1CB00037210 /* LaunchScreen.storyboard */; };
		C823D8DEB606F47307BA1838 /* Pods_VigiClean.framework in Frameworks */ = {isa = PBXBuildFile; fileRef = 291263C3A44A443741F7F553 /* Pods_VigiClean.framework */; };
/* End PBXBuildFile section */

/* Begin PBXContainerItemProxy section */
		94F0A03B2370A1CC00037210 /* PBXContainerItemProxy */ = {
			isa = PBXContainerItemProxy;
			containerPortal = 94F0A01C2370A1CA00037210 /* Project object */;
			proxyType = 1;
			remoteGlobalIDString = 94F0A0232370A1CA00037210;
			remoteInfo = VigiClean;
		};
/* End PBXContainerItemProxy section */

/* Begin PBXFileReference section */
		291263C3A44A443741F7F553 /* Pods_VigiClean.framework */ = {isa = PBXFileReference; explicitFileType = wrapper.framework; includeInIndex = 0; path = Pods_VigiClean.framework; sourceTree = BUILT_PRODUCTS_DIR; };
		3CEC49AC9E3D47668794328A /* Pods-VigiCleanTests.release.xcconfig */ = {isa = PBXFileReference; includeInIndex = 1; lastKnownFileType = text.xcconfig; name = "Pods-VigiCleanTests.release.xcconfig"; path = "Target Support Files/Pods-VigiCleanTests/Pods-VigiCleanTests.release.xcconfig"; sourceTree = "<group>"; };
		77B81D13D6151CE3ED84549F /* Pods-VigiClean.release.xcconfig */ = {isa = PBXFileReference; includeInIndex = 1; lastKnownFileType = text.xcconfig; name = "Pods-VigiClean.release.xcconfig"; path = "Target Support Files/Pods-VigiClean/Pods-VigiClean.release.xcconfig"; sourceTree = "<group>"; };
		7A9FC7A8205830702234610B /* Pods-VigiClean.debug.xcconfig */ = {isa = PBXFileReference; includeInIndex = 1; lastKnownFileType = text.xcconfig; name = "Pods-VigiClean.debug.xcconfig"; path = "Target Support Files/Pods-VigiClean/Pods-VigiClean.debug.xcconfig"; sourceTree = "<group>"; };
		9402E9A2239A8EF80070E910 /* BasePresenter.swift */ = {isa = PBXFileReference; lastKnownFileType = sourcecode.swift; path = BasePresenter.swift; sourceTree = "<group>"; };
		94138AAC237D067B00419F2C /* SignUpViewController.swift */ = {isa = PBXFileReference; lastKnownFileType = sourcecode.swift; path = SignUpViewController.swift; sourceTree = "<group>"; };
		94138AAE237D069F00419F2C /* SignUpViewPresenter.swift */ = {isa = PBXFileReference; lastKnownFileType = sourcecode.swift; path = SignUpViewPresenter.swift; sourceTree = "<group>"; };
		94138AB0237D0EEA00419F2C /* WelcomeViewPresenter.swift */ = {isa = PBXFileReference; lastKnownFileType = sourcecode.swift; path = WelcomeViewPresenter.swift; sourceTree = "<group>"; };
		941F7E1A237B084400044A0D /* ProfileViewController.swift */ = {isa = PBXFileReference; lastKnownFileType = sourcecode.swift; name = ProfileViewController.swift; path = VigiClean/Profile/ProfileViewController.swift; sourceTree = SOURCE_ROOT; };
		94504A4A238219FC0054BE70 /* .swiftlint.yml */ = {isa = PBXFileReference; lastKnownFileType = text.yaml; path = .swiftlint.yml; sourceTree = "<group>"; };
		94504A5F2382CADE0054BE70 /* ProfileViewPresenter.swift */ = {isa = PBXFileReference; lastKnownFileType = sourcecode.swift; path = ProfileViewPresenter.swift; sourceTree = "<group>"; };
		94504AA4238583C90054BE70 /* SignInContracts.swift */ = {isa = PBXFileReference; lastKnownFileType = sourcecode.swift; path = SignInContracts.swift; sourceTree = "<group>"; };
		94504AA723858CCF0054BE70 /* LaunchViewController.swift */ = {isa = PBXFileReference; lastKnownFileType = sourcecode.swift; path = LaunchViewController.swift; sourceTree = "<group>"; };
		94623694239A9F780026DD95 /* GoogleService-Info.plist */ = {isa = PBXFileReference; fileEncoding = 4; lastKnownFileType = text.plist.xml; path = "GoogleService-Info.plist"; sourceTree = "<group>"; };
		94623698239AC4F50026DD95 /* LaunchContracts.swift */ = {isa = PBXFileReference; lastKnownFileType = sourcecode.swift; path = LaunchContracts.swift; sourceTree = "<group>"; };
		9462369A239AC51C0026DD95 /* LaunchViewPresenter.swift */ = {isa = PBXFileReference; lastKnownFileType = sourcecode.swift; path = LaunchViewPresenter.swift; sourceTree = "<group>"; };
		9462DCC0237B5D81003AEFB9 /* SignInViewController.swift */ = {isa = PBXFileReference; lastKnownFileType = sourcecode.swift; path = SignInViewController.swift; sourceTree = "<group>"; };
		9463FDAE23AA9CF200827E06 /* EasyError.swift */ = {isa = PBXFileReference; lastKnownFileType = sourcecode.swift; path = EasyError.swift; sourceTree = "<group>"; };
		9463FDB023AA9DCC00827E06 /* StorageFake.swift */ = {isa = PBXFileReference; fileEncoding = 4; lastKnownFileType = sourcecode.swift; path = StorageFake.swift; sourceTree = "<group>"; };
		947FFAEE237213C800F01487 /* ScoreView.swift */ = {isa = PBXFileReference; lastKnownFileType = sourcecode.swift; path = ScoreView.swift; sourceTree = "<group>"; };
		9488AA9A2371AA8100DCD76F /* Hamish.otf */ = {isa = PBXFileReference; lastKnownFileType = file; path = Hamish.otf; sourceTree = "<group>"; };
		94BA1EE5238C213E00FE19A1 /* AttachEmailViewController.swift */ = {isa = PBXFileReference; lastKnownFileType = sourcecode.swift; name = AttachEmailViewController.swift; path = VigiClean/AttachEmail/AttachEmailViewController.swift; sourceTree = SOURCE_ROOT; };
		94BA1EE7238C223500FE19A1 /* AttachEmailViewPresenter.swift */ = {isa = PBXFileReference; lastKnownFileType = sourcecode.swift; path = AttachEmailViewPresenter.swift; sourceTree = "<group>"; };
		94BA1EE9238DA11C00FE19A1 /* RequestViewController.swift */ = {isa = PBXFileReference; lastKnownFileType = sourcecode.swift; path = RequestViewController.swift; sourceTree = "<group>"; };
		94BA1EEB238E696800FE19A1 /* SignUpContracts.swift */ = {isa = PBXFileReference; lastKnownFileType = sourcecode.swift; path = SignUpContracts.swift; sourceTree = "<group>"; };
		94BA1EED238E6A3900FE19A1 /* AttachEmailContracts.swift */ = {isa = PBXFileReference; lastKnownFileType = sourcecode.swift; path = AttachEmailContracts.swift; sourceTree = "<group>"; };
		94BA1EEF238E6A6B00FE19A1 /* ProfileContracts.swift */ = {isa = PBXFileReference; lastKnownFileType = sourcecode.swift; path = ProfileContracts.swift; sourceTree = "<group>"; };
		94BA1EF1238E6AAA00FE19A1 /* WelcomeContracts.swift */ = {isa = PBXFileReference; lastKnownFileType = sourcecode.swift; path = WelcomeContracts.swift; sourceTree = "<group>"; };
		94BA1F072395509600FE19A1 /* ScannerViewPresenter.swift */ = {isa = PBXFileReference; lastKnownFileType = sourcecode.swift; path = ScannerViewPresenter.swift; sourceTree = "<group>"; };
		94BA1F09239550EB00FE19A1 /* ScannerContracts.swift */ = {isa = PBXFileReference; lastKnownFileType = sourcecode.swift; path = ScannerContracts.swift; sourceTree = "<group>"; };
		94BA1F122395A4F400FE19A1 /* RequestContracts.swift */ = {isa = PBXFileReference; lastKnownFileType = sourcecode.swift; path = RequestContracts.swift; sourceTree = "<group>"; };
		94BA1F142395A53000FE19A1 /* RequestViewPresenter.swift */ = {isa = PBXFileReference; lastKnownFileType = sourcecode.swift; path = RequestViewPresenter.swift; sourceTree = "<group>"; };
		94BA1F162395D4A900FE19A1 /* Object.swift */ = {isa = PBXFileReference; lastKnownFileType = sourcecode.swift; path = Object.swift; sourceTree = "<group>"; };
		94BA1F182395D72F00FE19A1 /* Scanner.swift */ = {isa = PBXFileReference; lastKnownFileType = sourcecode.swift; path = Scanner.swift; sourceTree = "<group>"; };
		94BE5AA12370A81100CE3060 /* Podfile */ = {isa = PBXFileReference; lastKnownFileType = text; path = Podfile; sourceTree = "<group>"; xcLanguageSpecificationIdentifier = xcode.lang.ruby; };
		94BE5AA82370ACA900CE3060 /* .gitignore */ = {isa = PBXFileReference; lastKnownFileType = text; path = .gitignore; sourceTree = "<group>"; };
		94CDC9AB237C35FC003295AD /* SignInViewPresenter.swift */ = {isa = PBXFileReference; lastKnownFileType = sourcecode.swift; path = SignInViewPresenter.swift; sourceTree = "<group>"; };
		94CDC9AD237C3AF2003295AD /* AccountManager.swift */ = {isa = PBXFileReference; lastKnownFileType = sourcecode.swift; path = AccountManager.swift; sourceTree = "<group>"; };
		94CDC9AF237C48F9003295AD /* WelcomeViewController.swift */ = {isa = PBXFileReference; lastKnownFileType = sourcecode.swift; path = WelcomeViewController.swift; sourceTree = "<group>"; };
		94CDC9B1237C617A003295AD /* UIViewController+Extension.swift */ = {isa = PBXFileReference; lastKnownFileType = sourcecode.swift; path = "UIViewController+Extension.swift"; sourceTree = "<group>"; };
		94D20948239B08560089759B /* DashboardContracts.swift */ = {isa = PBXFileReference; lastKnownFileType = sourcecode.swift; path = DashboardContracts.swift; sourceTree = "<group>"; };
		94D2094A239B09920089759B /* DashboardViewPresenter.swift */ = {isa = PBXFileReference; lastKnownFileType = sourcecode.swift; path = DashboardViewPresenter.swift; sourceTree = "<group>"; };
		94D20953239EBD580089759B /* ScoreViewPresenter.swift */ = {isa = PBXFileReference; lastKnownFileType = sourcecode.swift; path = ScoreViewPresenter.swift; sourceTree = "<group>"; };
		94D20955239EBD9D0089759B /* ScoreContracts.swift */ = {isa = PBXFileReference; lastKnownFileType = sourcecode.swift; path = ScoreContracts.swift; sourceTree = "<group>"; };
		94D20957239EDE080089759B /* FirebaseInterface.swift */ = {isa = PBXFileReference; lastKnownFileType = sourcecode.swift; path = FirebaseInterface.swift; sourceTree = "<group>"; };
		94D20959239EE14D0089759B /* Color.swift */ = {isa = PBXFileReference; lastKnownFileType = sourcecode.swift; path = Color.swift; sourceTree = "<group>"; };
		94D20965239EE8030089759B /* AccountManagerTestCase.swift */ = {isa = PBXFileReference; lastKnownFileType = sourcecode.swift; path = AccountManagerTestCase.swift; sourceTree = "<group>"; };
		94D20968239EE9D10089759B /* AuthFake.swift */ = {isa = PBXFileReference; lastKnownFileType = sourcecode.swift; path = AuthFake.swift; sourceTree = "<group>"; };
		94D2096A239EEB0B0089759B /* FirestoreFake.swift */ = {isa = PBXFileReference; lastKnownFileType = sourcecode.swift; path = FirestoreFake.swift; sourceTree = "<group>"; };
		94D2096F239FEBA90089759B /* Action.swift */ = {isa = PBXFileReference; lastKnownFileType = sourcecode.swift; path = Action.swift; sourceTree = "<group>"; };
		94DC7C1F239ADA0E00C414DA /* ObjectManager.swift */ = {isa = PBXFileReference; lastKnownFileType = sourcecode.swift; path = ObjectManager.swift; sourceTree = "<group>"; };
		94DF01F323A514370016CA24 /* Poi.swift */ = {isa = PBXFileReference; lastKnownFileType = sourcecode.swift; path = Poi.swift; sourceTree = "<group>"; };
		94EB57742372D8B800582990 /* DashboardViewController.swift */ = {isa = PBXFileReference; lastKnownFileType = sourcecode.swift; path = DashboardViewController.swift; sourceTree = "<group>"; };
		94EB57762372DB1E00582990 /* ScannerViewController.swift */ = {isa = PBXFileReference; lastKnownFileType = sourcecode.swift; path = ScannerViewController.swift; sourceTree = "<group>"; };
		94F0A0242370A1CA00037210 /* VigiClean.app */ = {isa = PBXFileReference; explicitFileType = wrapper.application; includeInIndex = 0; path = VigiClean.app; sourceTree = BUILT_PRODUCTS_DIR; };
		94F0A0272370A1CA00037210 /* AppDelegate.swift */ = {isa = PBXFileReference; lastKnownFileType = sourcecode.swift; path = AppDelegate.swift; sourceTree = "<group>"; };
		94F0A02E2370A1CA00037210 /* Base */ = {isa = PBXFileReference; lastKnownFileType = file.storyboard; name = Base; path = Base.lproj/Main.storyboard; sourceTree = "<group>"; };
		94F0A0302370A1CB00037210 /* Assets.xcassets */ = {isa = PBXFileReference; lastKnownFileType = folder.assetcatalog; path = Assets.xcassets; sourceTree = "<group>"; };
		94F0A0332370A1CB00037210 /* Base */ = {isa = PBXFileReference; lastKnownFileType = file.storyboard; name = Base; path = Base.lproj/LaunchScreen.storyboard; sourceTree = "<group>"; };
		94F0A0352370A1CB00037210 /* Info.plist */ = {isa = PBXFileReference; lastKnownFileType = text.plist.xml; path = Info.plist; sourceTree = "<group>"; };
		94F0A03A2370A1CC00037210 /* VigiCleanTests.xctest */ = {isa = PBXFileReference; explicitFileType = wrapper.cfbundle; includeInIndex = 0; path = VigiCleanTests.xctest; sourceTree = BUILT_PRODUCTS_DIR; };
		94F0A0402370A1CC00037210 /* Info.plist */ = {isa = PBXFileReference; lastKnownFileType = text.plist.xml; path = Info.plist; sourceTree = "<group>"; };
		B07C60F1F161004AED1E3929 /* Pods_VigiCleanTests.framework */ = {isa = PBXFileReference; explicitFileType = wrapper.framework; includeInIndex = 0; path = Pods_VigiCleanTests.framework; sourceTree = BUILT_PRODUCTS_DIR; };
		CAD75F3222AE242513DE9980 /* Pods-VigiCleanTests.debug.xcconfig */ = {isa = PBXFileReference; includeInIndex = 1; lastKnownFileType = text.xcconfig; name = "Pods-VigiCleanTests.debug.xcconfig"; path = "Target Support Files/Pods-VigiCleanTests/Pods-VigiCleanTests.debug.xcconfig"; sourceTree = "<group>"; };
/* End PBXFileReference section */

/* Begin PBXFrameworksBuildPhase section */
		94F0A0212370A1CA00037210 /* Frameworks */ = {
			isa = PBXFrameworksBuildPhase;
			buildActionMask = 2147483647;
			files = (
				C823D8DEB606F47307BA1838 /* Pods_VigiClean.framework in Frameworks */,
			);
			runOnlyForDeploymentPostprocessing = 0;
		};
		94F0A0372370A1CC00037210 /* Frameworks */ = {
			isa = PBXFrameworksBuildPhase;
			buildActionMask = 2147483647;
			files = (
				2EDF790BADCB409446220B2E /* Pods_VigiCleanTests.framework in Frameworks */,
			);
			runOnlyForDeploymentPostprocessing = 0;
		};
/* End PBXFrameworksBuildPhase section */

/* Begin PBXGroup section */
		4D002501E48799779E32FE97 /* Pods */ = {
			isa = PBXGroup;
			children = (
				7A9FC7A8205830702234610B /* Pods-VigiClean.debug.xcconfig */,
				77B81D13D6151CE3ED84549F /* Pods-VigiClean.release.xcconfig */,
				CAD75F3222AE242513DE9980 /* Pods-VigiCleanTests.debug.xcconfig */,
				3CEC49AC9E3D47668794328A /* Pods-VigiCleanTests.release.xcconfig */,
			);
			path = Pods;
			sourceTree = "<group>";
		};
		9402E99B239A8D070070E910 /* AttachEmail */ = {
			isa = PBXGroup;
			children = (
				94BA1EED238E6A3900FE19A1 /* AttachEmailContracts.swift */,
				94BA1EE7238C223500FE19A1 /* AttachEmailViewPresenter.swift */,
				94BA1EE5238C213E00FE19A1 /* AttachEmailViewController.swift */,
			);
			path = AttachEmail;
			sourceTree = "<group>";
		};
		9402E99C239A8D2C0070E910 /* SignUp */ = {
			isa = PBXGroup;
			children = (
				94BA1EEB238E696800FE19A1 /* SignUpContracts.swift */,
				94138AAE237D069F00419F2C /* SignUpViewPresenter.swift */,
				94138AAC237D067B00419F2C /* SignUpViewController.swift */,
			);
			path = SignUp;
			sourceTree = "<group>";
		};
		9402E99D239A8D710070E910 /* Profile */ = {
			isa = PBXGroup;
			children = (
				94BA1EEF238E6A6B00FE19A1 /* ProfileContracts.swift */,
				94504A5F2382CADE0054BE70 /* ProfileViewPresenter.swift */,
				941F7E1A237B084400044A0D /* ProfileViewController.swift */,
			);
			path = Profile;
			sourceTree = "<group>";
		};
		9402E99E239A8D860070E910 /* SignIn */ = {
			isa = PBXGroup;
			children = (
				94504AA4238583C90054BE70 /* SignInContracts.swift */,
				94CDC9AB237C35FC003295AD /* SignInViewPresenter.swift */,
				9462DCC0237B5D81003AEFB9 /* SignInViewController.swift */,
			);
			path = SignIn;
			sourceTree = "<group>";
		};
		9402E99F239A8DB10070E910 /* Welcome */ = {
			isa = PBXGroup;
			children = (
				94BA1EF1238E6AAA00FE19A1 /* WelcomeContracts.swift */,
				94138AB0237D0EEA00419F2C /* WelcomeViewPresenter.swift */,
				94CDC9AF237C48F9003295AD /* WelcomeViewController.swift */,
			);
			path = Welcome;
			sourceTree = "<group>";
		};
		9402E9A0239A8DDC0070E910 /* Scanner */ = {
			isa = PBXGroup;
			children = (
				94BA1F09239550EB00FE19A1 /* ScannerContracts.swift */,
				94BA1F072395509600FE19A1 /* ScannerViewPresenter.swift */,
				94EB57762372DB1E00582990 /* ScannerViewController.swift */,
			);
			path = Scanner;
			sourceTree = "<group>";
		};
		9402E9A1239A8DF90070E910 /* Request */ = {
			isa = PBXGroup;
			children = (
				94BA1F122395A4F400FE19A1 /* RequestContracts.swift */,
				94BA1F142395A53000FE19A1 /* RequestViewPresenter.swift */,
				94BA1EE9238DA11C00FE19A1 /* RequestViewController.swift */,
			);
			path = Request;
			sourceTree = "<group>";
		};
		9402E9A4239A92290070E910 /* Shared */ = {
			isa = PBXGroup;
			children = (
				9402E9A2239A8EF80070E910 /* BasePresenter.swift */,
				94CDC9B1237C617A003295AD /* UIViewController+Extension.swift */,
				94F0A02D2370A1CA00037210 /* Main.storyboard */,
			);
			path = Shared;
			sourceTree = "<group>";
		};
		942E8DDD23AA957200DD0BF7 /* Storage */ = {
			isa = PBXGroup;
			children = (
				9463FDB023AA9DCC00827E06 /* StorageFake.swift */,
			);
			path = Storage;
			sourceTree = "<group>";
		};
		94623696239A9FCF0026DD95 /* Model */ = {
			isa = PBXGroup;
			children = (
				94DF01F323A514370016CA24 /* Poi.swift */,
				94D2096F239FEBA90089759B /* Action.swift */,
				94D20959239EE14D0089759B /* Color.swift */,
				94BA1F162395D4A900FE19A1 /* Object.swift */,
				94DC7C1F239ADA0E00C414DA /* ObjectManager.swift */,
				94BA1F182395D72F00FE19A1 /* Scanner.swift */,
				94CDC9AD237C3AF2003295AD /* AccountManager.swift */,
				94D20957239EDE080089759B /* FirebaseInterface.swift */,
			);
			path = Model;
			sourceTree = "<group>";
		};
		94623697239AC45C0026DD95 /* Launch */ = {
			isa = PBXGroup;
			children = (
				94623698239AC4F50026DD95 /* LaunchContracts.swift */,
				9462369A239AC51C0026DD95 /* LaunchViewPresenter.swift */,
				94504AA723858CCF0054BE70 /* LaunchViewController.swift */,
			);
			path = Launch;
			sourceTree = "<group>";
		};
		94BE5AA02370A6C000CE3060 /* Supporting Files */ = {
			isa = PBXGroup;
			children = (
				94623694239A9F780026DD95 /* GoogleService-Info.plist */,
				94F0A0302370A1CB00037210 /* Assets.xcassets */,
				94F0A0272370A1CA00037210 /* AppDelegate.swift */,
				94F0A0322370A1CB00037210 /* LaunchScreen.storyboard */,
				9488AA9A2371AA8100DCD76F /* Hamish.otf */,
				94F0A0352370A1CB00037210 /* Info.plist */,
			);
			name = "Supporting Files";
			sourceTree = "<group>";
		};
		94D20947239B081C0089759B /* Dashboard */ = {
			isa = PBXGroup;
			children = (
				94D20948239B08560089759B /* DashboardContracts.swift */,
				94D2094A239B09920089759B /* DashboardViewPresenter.swift */,
				94EB57742372D8B800582990 /* DashboardViewController.swift */,
			);
			path = Dashboard;
			sourceTree = "<group>";
		};
		94D20952239EBD3B0089759B /* ScoreView */ = {
			isa = PBXGroup;
			children = (
				94D20955239EBD9D0089759B /* ScoreContracts.swift */,
				94D20953239EBD580089759B /* ScoreViewPresenter.swift */,
				947FFAEE237213C800F01487 /* ScoreView.swift */,
			);
			path = ScoreView;
			sourceTree = "<group>";
		};
		94D20967239EE9B90089759B /* Mock+Class */ = {
			isa = PBXGroup;
			children = (
				94D2096D239EF0F40089759B /* Auth */,
				94D2096E239EF0F80089759B /* Firestore */,
				942E8DDD23AA957200DD0BF7 /* Storage */,
				9463FDAE23AA9CF200827E06 /* EasyError.swift */,
			);
			path = "Mock+Class";
			sourceTree = "<group>";
		};
		94D2096D239EF0F40089759B /* Auth */ = {
			isa = PBXGroup;
			children = (
				94D20968239EE9D10089759B /* AuthFake.swift */,
			);
			path = Auth;
			sourceTree = "<group>";
		};
		94D2096E239EF0F80089759B /* Firestore */ = {
			isa = PBXGroup;
			children = (
				94D2096A239EEB0B0089759B /* FirestoreFake.swift */,
			);
			path = Firestore;
			sourceTree = "<group>";
		};
		94F0A01B2370A1CA00037210 = {
			isa = PBXGroup;
			children = (
				94504A4A238219FC0054BE70 /* .swiftlint.yml */,
				94BE5AA82370ACA900CE3060 /* .gitignore */,
				94BE5AA12370A81100CE3060 /* Podfile */,
				94F0A0262370A1CA00037210 /* VigiClean */,
				94F0A03D2370A1CC00037210 /* VigiCleanTests */,
				94F0A0252370A1CA00037210 /* Products */,
				4D002501E48799779E32FE97 /* Pods */,
				9BA05A22AD7E5D21E0362247 /* Frameworks */,
			);
			sourceTree = "<group>";
		};
		94F0A0252370A1CA00037210 /* Products */ = {
			isa = PBXGroup;
			children = (
				94F0A0242370A1CA00037210 /* VigiClean.app */,
				94F0A03A2370A1CC00037210 /* VigiCleanTests.xctest */,
			);
			name = Products;
			sourceTree = "<group>";
		};
		94F0A0262370A1CA00037210 /* VigiClean */ = {
			isa = PBXGroup;
			children = (
				94623696239A9FCF0026DD95 /* Model */,
				9402E9A4239A92290070E910 /* Shared */,
				94623697239AC45C0026DD95 /* Launch */,
				94D20947239B081C0089759B /* Dashboard */,
				9402E9A1239A8DF90070E910 /* Request */,
				9402E9A0239A8DDC0070E910 /* Scanner */,
				9402E99F239A8DB10070E910 /* Welcome */,
				9402E99E239A8D860070E910 /* SignIn */,
				9402E99D239A8D710070E910 /* Profile */,
				9402E99C239A8D2C0070E910 /* SignUp */,
				9402E99B239A8D070070E910 /* AttachEmail */,
				94D20952239EBD3B0089759B /* ScoreView */,
				94BE5AA02370A6C000CE3060 /* Supporting Files */,
			);
			path = VigiClean;
			sourceTree = "<group>";
		};
		94F0A03D2370A1CC00037210 /* VigiCleanTests */ = {
			isa = PBXGroup;
			children = (
				94D20965239EE8030089759B /* AccountManagerTestCase.swift */,
				94D20967239EE9B90089759B /* Mock+Class */,
				94F0A0402370A1CC00037210 /* Info.plist */,
			);
			path = VigiCleanTests;
			sourceTree = "<group>";
		};
		9BA05A22AD7E5D21E0362247 /* Frameworks */ = {
			isa = PBXGroup;
			children = (
				291263C3A44A443741F7F553 /* Pods_VigiClean.framework */,
				B07C60F1F161004AED1E3929 /* Pods_VigiCleanTests.framework */,
			);
			name = Frameworks;
			sourceTree = "<group>";
		};
/* End PBXGroup section */

/* Begin PBXNativeTarget section */
		94F0A0232370A1CA00037210 /* VigiClean */ = {
			isa = PBXNativeTarget;
			buildConfigurationList = 94F0A04E2370A1CC00037210 /* Build configuration list for PBXNativeTarget "VigiClean" */;
			buildPhases = (
				3B66E7506A3DE1D6A844A24E /* [CP] Check Pods Manifest.lock */,
				94F0A0202370A1CA00037210 /* Sources */,
				94F0A0212370A1CA00037210 /* Frameworks */,
				94F0A0222370A1CA00037210 /* Resources */,
				94BE5AA52370AB7400CE3060 /* ShellScript */,
				58ED8FE5B2CA0D99055F2665 /* [CP] Embed Pods Frameworks */,
			);
			buildRules = (
			);
			dependencies = (
			);
			name = VigiClean;
			productName = VigiClean;
			productReference = 94F0A0242370A1CA00037210 /* VigiClean.app */;
			productType = "com.apple.product-type.application";
		};
		94F0A0392370A1CC00037210 /* VigiCleanTests */ = {
			isa = PBXNativeTarget;
			buildConfigurationList = 94F0A0512370A1CC00037210 /* Build configuration list for PBXNativeTarget "VigiCleanTests" */;
			buildPhases = (
				446AF808C563EF3C701760DD /* [CP] Check Pods Manifest.lock */,
				94F0A0362370A1CC00037210 /* Sources */,
				94F0A0372370A1CC00037210 /* Frameworks */,
				94F0A0382370A1CC00037210 /* Resources */,
			);
			buildRules = (
			);
			dependencies = (
				94F0A03C2370A1CC00037210 /* PBXTargetDependency */,
			);
			name = VigiCleanTests;
			productName = VigiCleanTests;
			productReference = 94F0A03A2370A1CC00037210 /* VigiCleanTests.xctest */;
			productType = "com.apple.product-type.bundle.unit-test";
		};
/* End PBXNativeTarget section */

/* Begin PBXProject section */
		94F0A01C2370A1CA00037210 /* Project object */ = {
			isa = PBXProject;
			attributes = {
				LastSwiftUpdateCheck = 1110;
				LastUpgradeCheck = 1110;
				ORGANIZATIONNAME = "Paul Leclerc";
				TargetAttributes = {
					94F0A0232370A1CA00037210 = {
						CreatedOnToolsVersion = 11.1;
					};
					94F0A0392370A1CC00037210 = {
						CreatedOnToolsVersion = 11.1;
						LastSwiftMigration = 1120;
						TestTargetID = 94F0A0232370A1CA00037210;
					};
				};
			};
			buildConfigurationList = 94F0A01F2370A1CA00037210 /* Build configuration list for PBXProject "VigiClean" */;
			compatibilityVersion = "Xcode 9.3";
			developmentRegion = en;
			hasScannedForEncodings = 0;
			knownRegions = (
				en,
				Base,
			);
			mainGroup = 94F0A01B2370A1CA00037210;
			productRefGroup = 94F0A0252370A1CA00037210 /* Products */;
			projectDirPath = "";
			projectRoot = "";
			targets = (
				94F0A0232370A1CA00037210 /* VigiClean */,
				94F0A0392370A1CC00037210 /* VigiCleanTests */,
			);
		};
/* End PBXProject section */

/* Begin PBXResourcesBuildPhase section */
		94F0A0222370A1CA00037210 /* Resources */ = {
			isa = PBXResourcesBuildPhase;
			buildActionMask = 2147483647;
			files = (
				94504A4B238219FC0054BE70 /* .swiftlint.yml in Resources */,
				94623695239A9F780026DD95 /* GoogleService-Info.plist in Resources */,
				94BE5AA92370ACA900CE3060 /* .gitignore in Resources */,
				94F0A0342370A1CB00037210 /* LaunchScreen.storyboard in Resources */,
				9488AA9B2371AA8100DCD76F /* Hamish.otf in Resources */,
				94F0A0312370A1CB00037210 /* Assets.xcassets in Resources */,
				94BE5AA22370A81100CE3060 /* Podfile in Resources */,
				94F0A02F2370A1CA00037210 /* Main.storyboard in Resources */,
			);
			runOnlyForDeploymentPostprocessing = 0;
		};
		94F0A0382370A1CC00037210 /* Resources */ = {
			isa = PBXResourcesBuildPhase;
			buildActionMask = 2147483647;
			files = (
			);
			runOnlyForDeploymentPostprocessing = 0;
		};
/* End PBXResourcesBuildPhase section */

/* Begin PBXShellScriptBuildPhase section */
		3B66E7506A3DE1D6A844A24E /* [CP] Check Pods Manifest.lock */ = {
			isa = PBXShellScriptBuildPhase;
			buildActionMask = 2147483647;
			files = (
			);
			inputFileListPaths = (
			);
			inputPaths = (
				"${PODS_PODFILE_DIR_PATH}/Podfile.lock",
				"${PODS_ROOT}/Manifest.lock",
			);
			name = "[CP] Check Pods Manifest.lock";
			outputFileListPaths = (
			);
			outputPaths = (
				"$(DERIVED_FILE_DIR)/Pods-VigiClean-checkManifestLockResult.txt",
			);
			runOnlyForDeploymentPostprocessing = 0;
			shellPath = /bin/sh;
			shellScript = "diff \"${PODS_PODFILE_DIR_PATH}/Podfile.lock\" \"${PODS_ROOT}/Manifest.lock\" > /dev/null\nif [ $? != 0 ] ; then\n    # print error to STDERR\n    echo \"error: The sandbox is not in sync with the Podfile.lock. Run 'pod install' or update your CocoaPods installation.\" >&2\n    exit 1\nfi\n# This output is used by Xcode 'outputs' to avoid re-running this script phase.\necho \"SUCCESS\" > \"${SCRIPT_OUTPUT_FILE_0}\"\n";
			showEnvVarsInLog = 0;
		};
		446AF808C563EF3C701760DD /* [CP] Check Pods Manifest.lock */ = {
			isa = PBXShellScriptBuildPhase;
			buildActionMask = 2147483647;
			files = (
			);
			inputFileListPaths = (
			);
			inputPaths = (
				"${PODS_PODFILE_DIR_PATH}/Podfile.lock",
				"${PODS_ROOT}/Manifest.lock",
			);
			name = "[CP] Check Pods Manifest.lock";
			outputFileListPaths = (
			);
			outputPaths = (
				"$(DERIVED_FILE_DIR)/Pods-VigiCleanTests-checkManifestLockResult.txt",
			);
			runOnlyForDeploymentPostprocessing = 0;
			shellPath = /bin/sh;
			shellScript = "diff \"${PODS_PODFILE_DIR_PATH}/Podfile.lock\" \"${PODS_ROOT}/Manifest.lock\" > /dev/null\nif [ $? != 0 ] ; then\n    # print error to STDERR\n    echo \"error: The sandbox is not in sync with the Podfile.lock. Run 'pod install' or update your CocoaPods installation.\" >&2\n    exit 1\nfi\n# This output is used by Xcode 'outputs' to avoid re-running this script phase.\necho \"SUCCESS\" > \"${SCRIPT_OUTPUT_FILE_0}\"\n";
			showEnvVarsInLog = 0;
		};
		58ED8FE5B2CA0D99055F2665 /* [CP] Embed Pods Frameworks */ = {
			isa = PBXShellScriptBuildPhase;
			buildActionMask = 2147483647;
			files = (
			);
			inputFileListPaths = (
				"${PODS_ROOT}/Target Support Files/Pods-VigiClean/Pods-VigiClean-frameworks-${CONFIGURATION}-input-files.xcfilelist",
			);
			name = "[CP] Embed Pods Frameworks";
			outputFileListPaths = (
				"${PODS_ROOT}/Target Support Files/Pods-VigiClean/Pods-VigiClean-frameworks-${CONFIGURATION}-output-files.xcfilelist",
			);
			runOnlyForDeploymentPostprocessing = 0;
			shellPath = /bin/sh;
			shellScript = "\"${PODS_ROOT}/Target Support Files/Pods-VigiClean/Pods-VigiClean-frameworks.sh\"\n";
			showEnvVarsInLog = 0;
		};
		94BE5AA52370AB7400CE3060 /* ShellScript */ = {
			isa = PBXShellScriptBuildPhase;
			buildActionMask = 2147483647;
			files = (
			);
			inputFileListPaths = (
			);
			inputPaths = (
			);
			outputFileListPaths = (
			);
			outputPaths = (
			);
			runOnlyForDeploymentPostprocessing = 0;
			shellPath = /bin/sh;
			shellScript = "if which swiftlint >/dev/null; then\n  swiftlint\nelse\n  echo \"warning: SwiftLint not installed, download from https://github.com/realm/SwiftLint\"\nfi\n";
		};
/* End PBXShellScriptBuildPhase section */

/* Begin PBXSourcesBuildPhase section */
		94F0A0202370A1CA00037210 /* Sources */ = {
			isa = PBXSourcesBuildPhase;
			buildActionMask = 2147483647;
			files = (
				94138AAD237D067B00419F2C /* SignUpViewController.swift in Sources */,
				9402E9A3239A8EF80070E910 /* BasePresenter.swift in Sources */,
				94D20954239EBD590089759B /* ScoreViewPresenter.swift in Sources */,
				94D20956239EBD9D0089759B /* ScoreContracts.swift in Sources */,
				94138AAF237D069F00419F2C /* SignUpViewPresenter.swift in Sources */,
				94BA1EEA238DA11C00FE19A1 /* RequestViewController.swift in Sources */,
				94D20949239B08560089759B /* DashboardContracts.swift in Sources */,
				94BA1EEE238E6A3900FE19A1 /* AttachEmailContracts.swift in Sources */,
				94BA1EE6238C213E00FE19A1 /* AttachEmailViewController.swift in Sources */,
				94DF01F423A514370016CA24 /* Poi.swift in Sources */,
				94DC7C20239ADA0E00C414DA /* ObjectManager.swift in Sources */,
				941F7E1B237B084400044A0D /* ProfileViewController.swift in Sources */,
				94BA1F0A239550EB00FE19A1 /* ScannerContracts.swift in Sources */,
				94BA1EF2238E6AAA00FE19A1 /* WelcomeContracts.swift in Sources */,
				94D20970239FEBA90089759B /* Action.swift in Sources */,
				94504A602382CADE0054BE70 /* ProfileViewPresenter.swift in Sources */,
				94CDC9B2237C617A003295AD /* UIViewController+Extension.swift in Sources */,
				94BA1F172395D4A900FE19A1 /* Object.swift in Sources */,
				9462DCC1237B5D81003AEFB9 /* SignInViewController.swift in Sources */,
				94D2095A239EE14D0089759B /* Color.swift in Sources */,
				94CDC9AE237C3AF2003295AD /* AccountManager.swift in Sources */,
				94BA1F082395509600FE19A1 /* ScannerViewPresenter.swift in Sources */,
				94EB57752372D8B800582990 /* DashboardViewController.swift in Sources */,
				94CDC9AC237C35FC003295AD /* SignInViewPresenter.swift in Sources */,
				94504AA5238583C90054BE70 /* SignInContracts.swift in Sources */,
				94CDC9B0237C48F9003295AD /* WelcomeViewController.swift in Sources */,
				94F0A0282370A1CA00037210 /* AppDelegate.swift in Sources */,
				94BA1EE8238C223500FE19A1 /* AttachEmailViewPresenter.swift in Sources */,
				94BA1EEC238E696800FE19A1 /* SignUpContracts.swift in Sources */,
				94D20958239EDE080089759B /* FirebaseInterface.swift in Sources */,
				947FFAEF237213C800F01487 /* ScoreView.swift in Sources */,
				94138AB1237D0EEA00419F2C /* WelcomeViewPresenter.swift in Sources */,
				94EB57772372DB1E00582990 /* ScannerViewController.swift in Sources */,
				9462369B239AC51C0026DD95 /* LaunchViewPresenter.swift in Sources */,
				94BA1EF0238E6A6B00FE19A1 /* ProfileContracts.swift in Sources */,
				94504AA823858CCF0054BE70 /* LaunchViewController.swift in Sources */,
				94623699239AC4F50026DD95 /* LaunchContracts.swift in Sources */,
				94BA1F152395A53000FE19A1 /* RequestViewPresenter.swift in Sources */,
				94BA1F192395D72F00FE19A1 /* Scanner.swift in Sources */,
				94BA1F132395A4F400FE19A1 /* RequestContracts.swift in Sources */,
				94D2094B239B09920089759B /* DashboardViewPresenter.swift in Sources */,
			);
			runOnlyForDeploymentPostprocessing = 0;
		};
		94F0A0362370A1CC00037210 /* Sources */ = {
			isa = PBXSourcesBuildPhase;
			buildActionMask = 2147483647;
			files = (
				94D2096B239EEB0B0089759B /* FirestoreFake.swift in Sources */,
				94D20969239EE9D10089759B /* AuthFake.swift in Sources */,
				9463FDAF23AA9CF200827E06 /* EasyError.swift in Sources */,
				9463FDB123AA9DCC00827E06 /* StorageFake.swift in Sources */,
				94D20966239EE8030089759B /* AccountManagerTestCase.swift in Sources */,
			);
			runOnlyForDeploymentPostprocessing = 0;
		};
/* End PBXSourcesBuildPhase section */

/* Begin PBXTargetDependency section */
		94F0A03C2370A1CC00037210 /* PBXTargetDependency */ = {
			isa = PBXTargetDependency;
			target = 94F0A0232370A1CA00037210 /* VigiClean */;
			targetProxy = 94F0A03B2370A1CC00037210 /* PBXContainerItemProxy */;
		};
/* End PBXTargetDependency section */

/* Begin PBXVariantGroup section */
		94F0A02D2370A1CA00037210 /* Main.storyboard */ = {
			isa = PBXVariantGroup;
			children = (
				94F0A02E2370A1CA00037210 /* Base */,
			);
			name = Main.storyboard;
			sourceTree = "<group>";
		};
		94F0A0322370A1CB00037210 /* LaunchScreen.storyboard */ = {
			isa = PBXVariantGroup;
			children = (
				94F0A0332370A1CB00037210 /* Base */,
			);
			name = LaunchScreen.storyboard;
			sourceTree = "<group>";
		};
/* End PBXVariantGroup section */

/* Begin XCBuildConfiguration section */
		94F0A04C2370A1CC00037210 /* Debug */ = {
			isa = XCBuildConfiguration;
			buildSettings = {
				ALWAYS_SEARCH_USER_PATHS = NO;
				CLANG_ANALYZER_LOCALIZABILITY_NONLOCALIZED = YES;
				CLANG_ANALYZER_NONNULL = YES;
				CLANG_ANALYZER_NUMBER_OBJECT_CONVERSION = YES_AGGRESSIVE;
				CLANG_CXX_LANGUAGE_STANDARD = "gnu++14";
				CLANG_CXX_LIBRARY = "libc++";
				CLANG_ENABLE_MODULES = YES;
				CLANG_ENABLE_OBJC_ARC = YES;
				CLANG_ENABLE_OBJC_WEAK = YES;
				CLANG_WARN_BLOCK_CAPTURE_AUTORELEASING = YES;
				CLANG_WARN_BOOL_CONVERSION = YES;
				CLANG_WARN_COMMA = YES;
				CLANG_WARN_CONSTANT_CONVERSION = YES;
				CLANG_WARN_DEPRECATED_OBJC_IMPLEMENTATIONS = YES;
				CLANG_WARN_DIRECT_OBJC_ISA_USAGE = YES_ERROR;
				CLANG_WARN_DOCUMENTATION_COMMENTS = YES;
				CLANG_WARN_EMPTY_BODY = YES;
				CLANG_WARN_ENUM_CONVERSION = YES;
				CLANG_WARN_INFINITE_RECURSION = YES;
				CLANG_WARN_INT_CONVERSION = YES;
				CLANG_WARN_NON_LITERAL_NULL_CONVERSION = YES;
				CLANG_WARN_OBJC_IMPLICIT_RETAIN_SELF = YES;
				CLANG_WARN_OBJC_LITERAL_CONVERSION = YES;
				CLANG_WARN_OBJC_ROOT_CLASS = YES_ERROR;
				CLANG_WARN_RANGE_LOOP_ANALYSIS = YES;
				CLANG_WARN_STRICT_PROTOTYPES = YES;
				CLANG_WARN_SUSPICIOUS_MOVE = YES;
				CLANG_WARN_UNGUARDED_AVAILABILITY = YES_AGGRESSIVE;
				CLANG_WARN_UNREACHABLE_CODE = YES;
				CLANG_WARN__DUPLICATE_METHOD_MATCH = YES;
				COPY_PHASE_STRIP = NO;
				DEBUG_INFORMATION_FORMAT = dwarf;
				ENABLE_STRICT_OBJC_MSGSEND = YES;
				ENABLE_TESTABILITY = YES;
				GCC_C_LANGUAGE_STANDARD = gnu11;
				GCC_DYNAMIC_NO_PIC = NO;
				GCC_NO_COMMON_BLOCKS = YES;
				GCC_OPTIMIZATION_LEVEL = 0;
				GCC_PREPROCESSOR_DEFINITIONS = (
					"DEBUG=1",
					"$(inherited)",
				);
				GCC_WARN_64_TO_32_BIT_CONVERSION = YES;
				GCC_WARN_ABOUT_RETURN_TYPE = YES_ERROR;
				GCC_WARN_UNDECLARED_SELECTOR = YES;
				GCC_WARN_UNINITIALIZED_AUTOS = YES_AGGRESSIVE;
				GCC_WARN_UNUSED_FUNCTION = YES;
				GCC_WARN_UNUSED_VARIABLE = YES;
				IPHONEOS_DEPLOYMENT_TARGET = 11.0;
				MTL_ENABLE_DEBUG_INFO = INCLUDE_SOURCE;
				MTL_FAST_MATH = YES;
				ONLY_ACTIVE_ARCH = YES;
				SDKROOT = iphoneos;
				SWIFT_ACTIVE_COMPILATION_CONDITIONS = DEBUG;
				SWIFT_INSTALL_OBJC_HEADER = YES;
				SWIFT_OPTIMIZATION_LEVEL = "-Onone";
			};
			name = Debug;
		};
		94F0A04D2370A1CC00037210 /* Release */ = {
			isa = XCBuildConfiguration;
			buildSettings = {
				ALWAYS_SEARCH_USER_PATHS = NO;
				CLANG_ANALYZER_LOCALIZABILITY_NONLOCALIZED = YES;
				CLANG_ANALYZER_NONNULL = YES;
				CLANG_ANALYZER_NUMBER_OBJECT_CONVERSION = YES_AGGRESSIVE;
				CLANG_CXX_LANGUAGE_STANDARD = "gnu++14";
				CLANG_CXX_LIBRARY = "libc++";
				CLANG_ENABLE_MODULES = YES;
				CLANG_ENABLE_OBJC_ARC = YES;
				CLANG_ENABLE_OBJC_WEAK = YES;
				CLANG_WARN_BLOCK_CAPTURE_AUTORELEASING = YES;
				CLANG_WARN_BOOL_CONVERSION = YES;
				CLANG_WARN_COMMA = YES;
				CLANG_WARN_CONSTANT_CONVERSION = YES;
				CLANG_WARN_DEPRECATED_OBJC_IMPLEMENTATIONS = YES;
				CLANG_WARN_DIRECT_OBJC_ISA_USAGE = YES_ERROR;
				CLANG_WARN_DOCUMENTATION_COMMENTS = YES;
				CLANG_WARN_EMPTY_BODY = YES;
				CLANG_WARN_ENUM_CONVERSION = YES;
				CLANG_WARN_INFINITE_RECURSION = YES;
				CLANG_WARN_INT_CONVERSION = YES;
				CLANG_WARN_NON_LITERAL_NULL_CONVERSION = YES;
				CLANG_WARN_OBJC_IMPLICIT_RETAIN_SELF = YES;
				CLANG_WARN_OBJC_LITERAL_CONVERSION = YES;
				CLANG_WARN_OBJC_ROOT_CLASS = YES_ERROR;
				CLANG_WARN_RANGE_LOOP_ANALYSIS = YES;
				CLANG_WARN_STRICT_PROTOTYPES = YES;
				CLANG_WARN_SUSPICIOUS_MOVE = YES;
				CLANG_WARN_UNGUARDED_AVAILABILITY = YES_AGGRESSIVE;
				CLANG_WARN_UNREACHABLE_CODE = YES;
				CLANG_WARN__DUPLICATE_METHOD_MATCH = YES;
				COPY_PHASE_STRIP = NO;
				DEBUG_INFORMATION_FORMAT = "dwarf-with-dsym";
				ENABLE_NS_ASSERTIONS = NO;
				ENABLE_STRICT_OBJC_MSGSEND = YES;
				GCC_C_LANGUAGE_STANDARD = gnu11;
				GCC_NO_COMMON_BLOCKS = YES;
				GCC_WARN_64_TO_32_BIT_CONVERSION = YES;
				GCC_WARN_ABOUT_RETURN_TYPE = YES_ERROR;
				GCC_WARN_UNDECLARED_SELECTOR = YES;
				GCC_WARN_UNINITIALIZED_AUTOS = YES_AGGRESSIVE;
				GCC_WARN_UNUSED_FUNCTION = YES;
				GCC_WARN_UNUSED_VARIABLE = YES;
				IPHONEOS_DEPLOYMENT_TARGET = 11.0;
				MTL_ENABLE_DEBUG_INFO = NO;
				MTL_FAST_MATH = YES;
				SDKROOT = iphoneos;
				SWIFT_COMPILATION_MODE = wholemodule;
				SWIFT_INSTALL_OBJC_HEADER = YES;
				SWIFT_OPTIMIZATION_LEVEL = "-O";
				VALIDATE_PRODUCT = YES;
			};
			name = Release;
		};
		94F0A04F2370A1CC00037210 /* Debug */ = {
			isa = XCBuildConfiguration;
			baseConfigurationReference = 7A9FC7A8205830702234610B /* Pods-VigiClean.debug.xcconfig */;
			buildSettings = {
				ASSETCATALOG_COMPILER_APPICON_NAME = AppIcon;
				CODE_SIGN_ENTITLEMENTS = "";
				CODE_SIGN_STYLE = Automatic;
				DEVELOPMENT_TEAM = QW59HMZCU4;
				INFOPLIST_FILE = VigiClean/Info.plist;
				IPHONEOS_DEPLOYMENT_TARGET = 11.0;
				LD_RUNPATH_SEARCH_PATHS = (
					"$(inherited)",
					"@executable_path/Frameworks",
				);
				PRODUCT_BUNDLE_IDENTIFIER = com.paulleclerc.VigiClean;
				PRODUCT_NAME = "$(TARGET_NAME)";
				SWIFT_VERSION = 5.0;
				TARGETED_DEVICE_FAMILY = "1,2";
			};
			name = Debug;
		};
		94F0A0502370A1CC00037210 /* Release */ = {
			isa = XCBuildConfiguration;
			baseConfigurationReference = 77B81D13D6151CE3ED84549F /* Pods-VigiClean.release.xcconfig */;
			buildSettings = {
				ASSETCATALOG_COMPILER_APPICON_NAME = AppIcon;
				CODE_SIGN_ENTITLEMENTS = "";
				CODE_SIGN_STYLE = Automatic;
				DEVELOPMENT_TEAM = QW59HMZCU4;
				INFOPLIST_FILE = VigiClean/Info.plist;
				IPHONEOS_DEPLOYMENT_TARGET = 11.0;
				LD_RUNPATH_SEARCH_PATHS = (
					"$(inherited)",
					"@executable_path/Frameworks",
				);
				PRODUCT_BUNDLE_IDENTIFIER = com.paulleclerc.VigiClean;
				PRODUCT_NAME = "$(TARGET_NAME)";
				SWIFT_VERSION = 5.0;
				TARGETED_DEVICE_FAMILY = "1,2";
			};
			name = Release;
		};
		94F0A0522370A1CC00037210 /* Debug */ = {
			isa = XCBuildConfiguration;
			baseConfigurationReference = CAD75F3222AE242513DE9980 /* Pods-VigiCleanTests.debug.xcconfig */;
			buildSettings = {
				ALWAYS_EMBED_SWIFT_STANDARD_LIBRARIES = YES;
				BUNDLE_LOADER = "$(TEST_HOST)";
				CLANG_ENABLE_MODULES = YES;
				CODE_SIGN_STYLE = Automatic;
				DEVELOPMENT_TEAM = QW59HMZCU4;
				INFOPLIST_FILE = VigiCleanTests/Info.plist;
				IPHONEOS_DEPLOYMENT_TARGET = 13.1;
				LD_RUNPATH_SEARCH_PATHS = (
					"$(inherited)",
					"@executable_path/Frameworks",
					"@loader_path/Frameworks",
				);
				PRODUCT_BUNDLE_IDENTIFIER = com.paulleclerc.VigiCleanTests;
				PRODUCT_NAME = "$(TARGET_NAME)";
				SWIFT_INSTALL_OBJC_HEADER = YES;
				SWIFT_OBJC_BRIDGING_HEADER = "";
				SWIFT_OPTIMIZATION_LEVEL = "-Onone";
				SWIFT_VERSION = 5.0;
				TARGETED_DEVICE_FAMILY = "1,2";
				TEST_HOST = "$(BUILT_PRODUCTS_DIR)/VigiClean.app/VigiClean";
			};
			name = Debug;
		};
		94F0A0532370A1CC00037210 /* Release */ = {
			isa = XCBuildConfiguration;
			baseConfigurationReference = 3CEC49AC9E3D47668794328A /* Pods-VigiCleanTests.release.xcconfig */;
			buildSettings = {
				ALWAYS_EMBED_SWIFT_STANDARD_LIBRARIES = YES;
				BUNDLE_LOADER = "$(TEST_HOST)";
				CLANG_ENABLE_MODULES = YES;
				CODE_SIGN_STYLE = Automatic;
				DEVELOPMENT_TEAM = QW59HMZCU4;
				INFOPLIST_FILE = VigiCleanTests/Info.plist;
				IPHONEOS_DEPLOYMENT_TARGET = 13.1;
				LD_RUNPATH_SEARCH_PATHS = (
					"$(inherited)",
					"@executable_path/Frameworks",
					"@loader_path/Frameworks",
				);
				PRODUCT_BUNDLE_IDENTIFIER = com.paulleclerc.VigiCleanTests;
				PRODUCT_NAME = "$(TARGET_NAME)";
				SWIFT_INSTALL_OBJC_HEADER = YES;
				SWIFT_OBJC_BRIDGING_HEADER = "";
				SWIFT_VERSION = 5.0;
				TARGETED_DEVICE_FAMILY = "1,2";
				TEST_HOST = "$(BUILT_PRODUCTS_DIR)/VigiClean.app/VigiClean";
			};
			name = Release;
		};
/* End XCBuildConfiguration section */

/* Begin XCConfigurationList section */
		94F0A01F2370A1CA00037210 /* Build configuration list for PBXProject "VigiClean" */ = {
			isa = XCConfigurationList;
			buildConfigurations = (
				94F0A04C2370A1CC00037210 /* Debug */,
				94F0A04D2370A1CC00037210 /* Release */,
			);
			defaultConfigurationIsVisible = 0;
			defaultConfigurationName = Release;
		};
		94F0A04E2370A1CC00037210 /* Build configuration list for PBXNativeTarget "VigiClean" */ = {
			isa = XCConfigurationList;
			buildConfigurations = (
				94F0A04F2370A1CC00037210 /* Debug */,
				94F0A0502370A1CC00037210 /* Release */,
			);
			defaultConfigurationIsVisible = 0;
			defaultConfigurationName = Release;
		};
		94F0A0512370A1CC00037210 /* Build configuration list for PBXNativeTarget "VigiCleanTests" */ = {
			isa = XCConfigurationList;
			buildConfigurations = (
				94F0A0522370A1CC00037210 /* Debug */,
				94F0A0532370A1CC00037210 /* Release */,
			);
			defaultConfigurationIsVisible = 0;
			defaultConfigurationName = Release;
		};
/* End XCConfigurationList section */
	};
	rootObject = 94F0A01C2370A1CA00037210 /* Project object */;
}
